// !$*UTF8*$!
{
	archiveVersion = 1;
	classes = {
	};
	objectVersion = 46;
	objects = {

/* Begin PBXBuildFile section */
		4C2866DD19986F52009651B4 /* blue@2x.png in Resources */ = {isa = PBXBuildFile; fileRef = 4C2866D819986F52009651B4 /* blue@2x.png */; };
		4C2866DF19986F52009651B4 /* yellow@2x.png in Resources */ = {isa = PBXBuildFile; fileRef = 4C2866DA19986F52009651B4 /* yellow@2x.png */; };
		4C2866E019986F52009651B4 /* green@2x.png in Resources */ = {isa = PBXBuildFile; fileRef = 4C2866DB19986F52009651B4 /* green@2x.png */; };
		4C2866E119986F52009651B4 /* red@2x.png in Resources */ = {isa = PBXBuildFile; fileRef = 4C2866DC19986F52009651B4 /* red@2x.png */; };
		4C2866E7199872AB009651B4 /* particle_blue.png in Resources */ = {isa = PBXBuildFile; fileRef = 4C2866E2199872AB009651B4 /* particle_blue.png */; };
		4C2866E9199872AB009651B4 /* particle_yellow.png in Resources */ = {isa = PBXBuildFile; fileRef = 4C2866E4199872AB009651B4 /* particle_yellow.png */; };
		4C2866EA199872AB009651B4 /* particle_red.png in Resources */ = {isa = PBXBuildFile; fileRef = 4C2866E5199872AB009651B4 /* particle_red.png */; };
		4C2866EB199872AB009651B4 /* particle_green.png in Resources */ = {isa = PBXBuildFile; fileRef = 4C2866E6199872AB009651B4 /* particle_green.png */; };
		4C50EEA119A1DBF300C5DA41 /* bomb_blue@2x.png in Resources */ = {isa = PBXBuildFile; fileRef = 4C50EE9D19A1DBF300C5DA41 /* bomb_blue@2x.png */; };
		4C50EEA219A1DBF300C5DA41 /* bomb_green@2x.png in Resources */ = {isa = PBXBuildFile; fileRef = 4C50EE9E19A1DBF300C5DA41 /* bomb_green@2x.png */; };
		4C50EEA319A1DBF300C5DA41 /* bomb_red@2x.png in Resources */ = {isa = PBXBuildFile; fileRef = 4C50EE9F19A1DBF300C5DA41 /* bomb_red@2x.png */; };
		4C50EEA419A1DBF300C5DA41 /* bomb_yellow@2x.png in Resources */ = {isa = PBXBuildFile; fileRef = 4C50EEA019A1DBF300C5DA41 /* bomb_yellow@2x.png */; };
		4C5C1DE819B74FBE009BF2D3 /* tutorial90@2x.png in Resources */ = {isa = PBXBuildFile; fileRef = 4C5C1DE719B74FBE009BF2D3 /* tutorial90@2x.png */; };
		4C5C1DEC19B8054C009BF2D3 /* swipeGesture160@2x.png in Resources */ = {isa = PBXBuildFile; fileRef = 4C5C1DEB19B8054B009BF2D3 /* swipeGesture160@2x.png */; };
		4C5C1DF019B80EFB009BF2D3 /* tutorialCombo160@2x.png in Resources */ = {isa = PBXBuildFile; fileRef = 4C5C1DEF19B80EFB009BF2D3 /* tutorialCombo160@2x.png */; };
		4C5C1DF219B8110B009BF2D3 /* tutorialBomb160@2x.png in Resources */ = {isa = PBXBuildFile; fileRef = 4C5C1DF119B8110B009BF2D3 /* tutorialBomb160@2x.png */; };
		4C5C1DF619B83F56009BF2D3 /* tutorialCreateBomb160@2x.png in Resources */ = {isa = PBXBuildFile; fileRef = 4C5C1DF519B83F56009BF2D3 /* tutorialCreateBomb160@2x.png */; };
		4C5C1DF919B84C6B009BF2D3 /* tutorialCreateBomb140@2x.png in Resources */ = {isa = PBXBuildFile; fileRef = 4C5C1DF719B84C6B009BF2D3 /* tutorialCreateBomb140@2x.png */; };
		4C5C1DFE19B84D4E009BF2D3 /* tutorialSwipe140@2x.png in Resources */ = {isa = PBXBuildFile; fileRef = 4C5C1DFD19B84D4E009BF2D3 /* tutorialSwipe140@2x.png */; };
		4C5C1E0019B84F21009BF2D3 /* tutorialBomb140@2x.png in Resources */ = {isa = PBXBuildFile; fileRef = 4C5C1DFF19B84F21009BF2D3 /* tutorialBomb140@2x.png */; };
		4C5C1E0419B8A91A009BF2D3 /* explode.mp3 in Resources */ = {isa = PBXBuildFile; fileRef = 4C5C1E0319B8A91A009BF2D3 /* explode.mp3 */; };
		4C5C1E0A19B8AC10009BF2D3 /* tutorialCombo140@2x.png in Resources */ = {isa = PBXBuildFile; fileRef = 4C5C1E0919B8AC10009BF2D3 /* tutorialCombo140@2x.png */; };
		4C5C1E1819B8AF89009BF2D3 /* introMove.mp3 in Resources */ = {isa = PBXBuildFile; fileRef = 4C5C1E1719B8AF89009BF2D3 /* introMove.mp3 */; };
		4C5C1E1A19B8B928009BF2D3 /* break.mp3 in Resources */ = {isa = PBXBuildFile; fileRef = 4C5C1E1919B8B928009BF2D3 /* break.mp3 */; };
		4C6C2BC319B20EBD00ABE726 /* explodeHorizontal@2x.png in Resources */ = {isa = PBXBuildFile; fileRef = 4C6C2BC019B20EBD00ABE726 /* explodeHorizontal@2x.png */; };
		4C6C2BC419B20EBD00ABE726 /* explodeVertical@2x.png in Resources */ = {isa = PBXBuildFile; fileRef = 4C6C2BC119B20EBD00ABE726 /* explodeVertical@2x.png */; };
		4C6C2BC519B20EBD00ABE726 /* squareExplode@2x.png in Resources */ = {isa = PBXBuildFile; fileRef = 4C6C2BC219B20EBD00ABE726 /* squareExplode@2x.png */; };
		4C6C2BC719B20F2700ABE726 /* bomb_grey@2x.png in Resources */ = {isa = PBXBuildFile; fileRef = 4C6C2BC619B20F2700ABE726 /* bomb_grey@2x.png */; };
		4C6C2BC919B20F4700ABE726 /* grey_2@2x.png in Resources */ = {isa = PBXBuildFile; fileRef = 4C6C2BC819B20F4700ABE726 /* grey_2@2x.png */; };
		4C6C2BCB19B20F5B00ABE726 /* grey@2x.png in Resources */ = {isa = PBXBuildFile; fileRef = 4C6C2BCA19B20F5B00ABE726 /* grey@2x.png */; };
		4C6C2BCF19B20FA800ABE726 /* particle_grey.png in Resources */ = {isa = PBXBuildFile; fileRef = 4C6C2BCE19B20FA800ABE726 /* particle_grey.png */; };
		4C6C2BD719B2143200ABE726 /* go_grey@2x.png in Resources */ = {isa = PBXBuildFile; fileRef = 4C6C2BD619B2143200ABE726 /* go_grey@2x.png */; };
		4C70B6D3197F8C480024F9DF /* GreyParticle.sks in Resources */ = {isa = PBXBuildFile; fileRef = 4C70B6D2197F8C480024F9DF /* GreyParticle.sks */; };
		4C70B6D5197F8C5D0024F9DF /* GreenParticle.sks in Resources */ = {isa = PBXBuildFile; fileRef = 4C70B6D4197F8C5D0024F9DF /* GreenParticle.sks */; };
		4C724D7719B6AF7D003DA879 /* musicOff90@2x.png in Resources */ = {isa = PBXBuildFile; fileRef = 4C724D7419B6AF7D003DA879 /* musicOff90@2x.png */; };
		4C724D7819B6AF7D003DA879 /* soundOff90@2x.png in Resources */ = {isa = PBXBuildFile; fileRef = 4C724D7519B6AF7D003DA879 /* soundOff90@2x.png */; };
		4C724D7D19B6B3DD003DA879 /* rating90@2x.png in Resources */ = {isa = PBXBuildFile; fileRef = 4C724D7A19B6B3DD003DA879 /* rating90@2x.png */; };
		4C724D7E19B6B3DD003DA879 /* soundOn90@2x.png in Resources */ = {isa = PBXBuildFile; fileRef = 4C724D7B19B6B3DD003DA879 /* soundOn90@2x.png */; };
		4C724D7F19B6B3DD003DA879 /* musicOn90@2x.png in Resources */ = {isa = PBXBuildFile; fileRef = 4C724D7C19B6B3DD003DA879 /* musicOn90@2x.png */; };
		4C724D8519B6BC4B003DA879 /* back70@2x.png in Resources */ = {isa = PBXBuildFile; fileRef = 4C724D8419B6BC4B003DA879 /* back70@2x.png */; };
		4C724D8719B6D739003DA879 /* button.mp3 in Resources */ = {isa = PBXBuildFile; fileRef = 4C724D8619B6D739003DA879 /* button.mp3 */; };
		4C724D8A19B6DA7E003DA879 /* gameover.wav in Resources */ = {isa = PBXBuildFile; fileRef = 4C724D8919B6DA7E003DA879 /* gameover.wav */; };
		4C724D8E19B6E522003DA879 /* gamecenter70@2x.png in Resources */ = {isa = PBXBuildFile; fileRef = 4C724D8D19B6E522003DA879 /* gamecenter70@2x.png */; };
		4C78A07A192DA14D003F9ABE /* ClassicGameController.m in Sources */ = {isa = PBXBuildFile; fileRef = 4C78A079192DA14D003F9ABE /* ClassicGameController.m */; };
		4C78A081192DDABB003F9ABE /* GameAsset.m in Sources */ = {isa = PBXBuildFile; fileRef = 4C78A080192DDABB003F9ABE /* GameAsset.m */; };
		4C7F13571911F36D00565A01 /* Snake.m in Sources */ = {isa = PBXBuildFile; fileRef = 4C7F13561911F36D00565A01 /* Snake.m */; };
		4C8541A51946A8B300810CE4 /* README.txt in Resources */ = {isa = PBXBuildFile; fileRef = 4C8541971946A8B300810CE4 /* README.txt */; };
		4C8541A61946A8B300810CE4 /* libGoogleAdMobAds.a in Frameworks */ = {isa = PBXBuildFile; fileRef = 4C8541981946A8B300810CE4 /* libGoogleAdMobAds.a */; };
		4C8541A81946A8DE00810CE4 /* AdSupport.framework in Frameworks */ = {isa = PBXBuildFile; fileRef = 4C8541A71946A8DE00810CE4 /* AdSupport.framework */; };
		4C8541AA1946A8E900810CE4 /* AudioToolbox.framework in Frameworks */ = {isa = PBXBuildFile; fileRef = 4C8541A91946A8E900810CE4 /* AudioToolbox.framework */; };
		4C8541AC1946A8F700810CE4 /* AVFoundation.framework in Frameworks */ = {isa = PBXBuildFile; fileRef = 4C8541AB1946A8F700810CE4 /* AVFoundation.framework */; };
		4C8541AE1946A90900810CE4 /* MessageUI.framework in Frameworks */ = {isa = PBXBuildFile; fileRef = 4C8541AD1946A90900810CE4 /* MessageUI.framework */; };
		4C8541B01946A91200810CE4 /* StoreKit.framework in Frameworks */ = {isa = PBXBuildFile; fileRef = 4C8541AF1946A91200810CE4 /* StoreKit.framework */; };
		4C8541B21946A91D00810CE4 /* SystemConfiguration.framework in Frameworks */ = {isa = PBXBuildFile; fileRef = 4C8541B11946A91D00810CE4 /* SystemConfiguration.framework */; };
		4C85859A1925A1990096F75B /* MenuController.m in Sources */ = {isa = PBXBuildFile; fileRef = 4C8585981925A1990096F75B /* MenuController.m */; };
		4C85859B1925A1990096F75B /* MenuController.xib in Resources */ = {isa = PBXBuildFile; fileRef = 4C8585991925A1990096F75B /* MenuController.xib */; };
		4C8585B31925FF200096F75B /* Reachability.m in Sources */ = {isa = PBXBuildFile; fileRef = 4C8585B11925FF200096F75B /* Reachability.m */; };
		4C87C37A19A6F51B007EA190 /* freezeTime@2x.png in Resources */ = {isa = PBXBuildFile; fileRef = 4C87C37719A6F51B007EA190 /* freezeTime@2x.png */; };
		4C87C37D19A6F82F007EA190 /* explode@2x.png in Resources */ = {isa = PBXBuildFile; fileRef = 4C87C37C19A6F82F007EA190 /* explode@2x.png */; };
		4C87C37F19A6F94E007EA190 /* swapTime@2x.png in Resources */ = {isa = PBXBuildFile; fileRef = 4C87C37E19A6F94E007EA190 /* swapTime@2x.png */; };
		4C87C38A19A7192F007EA190 /* CustomLabel.m in Sources */ = {isa = PBXBuildFile; fileRef = 4C87C38919A7192F007EA190 /* CustomLabel.m */; };
		4C967D4C19BE911C00B2A44F /* easy-living.mp3 in Resources */ = {isa = PBXBuildFile; fileRef = 4C967D4619BE911C00B2A44F /* easy-living.mp3 */; };
		4C967D4D19BE911C00B2A44F /* cool-space-flight.mp3 in Resources */ = {isa = PBXBuildFile; fileRef = 4C967D4719BE911C00B2A44F /* cool-space-flight.mp3 */; };
		4C967D4E19BE911C00B2A44F /* cool-business-model.mp3 in Resources */ = {isa = PBXBuildFile; fileRef = 4C967D4819BE911C00B2A44F /* cool-business-model.mp3 */; };
		4C967D4F19BE911C00B2A44F /* goodbye-dream.mp3 in Resources */ = {isa = PBXBuildFile; fileRef = 4C967D4919BE911C00B2A44F /* goodbye-dream.mp3 */; };
		4C967D5019BE911C00B2A44F /* flying-forward.mp3 in Resources */ = {isa = PBXBuildFile; fileRef = 4C967D4A19BE911C00B2A44F /* flying-forward.mp3 */; };
		4C967D5119BE911C00B2A44F /* cool-rain.mp3 in Resources */ = {isa = PBXBuildFile; fileRef = 4C967D4B19BE911C00B2A44F /* cool-rain.mp3 */; };
		4C967D5319BEA80A00B2A44F /* setting70@2x.png in Resources */ = {isa = PBXBuildFile; fileRef = 4C967D5219BEA80A00B2A44F /* setting70@2x.png */; };
		4C967D5919BEB09D00B2A44F /* explodeColor.mp3 in Resources */ = {isa = PBXBuildFile; fileRef = 4C967D5819BEB09D00B2A44F /* explodeColor.mp3 */; };
		4C967D5B19BEBF3400B2A44F /* playButtonSound.mp3 in Resources */ = {isa = PBXBuildFile; fileRef = 4C967D5A19BEBF3400B2A44F /* playButtonSound.mp3 */; };
		4C967D6319BECB5A00B2A44F /* Localizable.strings in Resources */ = {isa = PBXBuildFile; fileRef = 4C967D6519BECB5A00B2A44F /* Localizable.strings */; };
		4C967D6D19BEDE8500B2A44F /* introBomb102@2x.png in Resources */ = {isa = PBXBuildFile; fileRef = 4C967D6C19BEDE8500B2A44F /* introBomb102@2x.png */; };
		4C967D6F19BEDEF800B2A44F /* BBBIcon120@2x.png in Resources */ = {isa = PBXBuildFile; fileRef = 4C967D6E19BEDEF800B2A44F /* BBBIcon120@2x.png */; };
		4CA0A9DB1997C2A70020D1F9 /* RedParticle.sks in Resources */ = {isa = PBXBuildFile; fileRef = 4CA0A9D91997C2A70020D1F9 /* RedParticle.sks */; };
		4CA0A9DE1997C2C00020D1F9 /* YellowParticle.sks in Resources */ = {isa = PBXBuildFile; fileRef = 4CA0A9DD1997C2C00020D1F9 /* YellowParticle.sks */; };
		4CA0E59319764CD2008B2E71 /* BlueParticle.sks in Resources */ = {isa = PBXBuildFile; fileRef = 4CA0E59119764CD2008B2E71 /* BlueParticle.sks */; };
		4CA0E5E31977A405008B2E71 /* SnakeNode.m in Sources */ = {isa = PBXBuildFile; fileRef = 4CA0E5E21977A405008B2E71 /* SnakeNode.m */; };
		4CA26E1619B45622002A40AA /* playButton@2x.png in Resources */ = {isa = PBXBuildFile; fileRef = 4CA26E1519B45622002A40AA /* playButton@2x.png */; };
		4CA469F5199B9E4600ED0AB8 /* go_blue@2x.png in Resources */ = {isa = PBXBuildFile; fileRef = 4CA469F1199B9E4600ED0AB8 /* go_blue@2x.png */; };
		4CA469F6199B9E4600ED0AB8 /* go_green@2x.png in Resources */ = {isa = PBXBuildFile; fileRef = 4CA469F2199B9E4600ED0AB8 /* go_green@2x.png */; };
		4CA469F7199B9E4600ED0AB8 /* go_red@2x.png in Resources */ = {isa = PBXBuildFile; fileRef = 4CA469F3199B9E4600ED0AB8 /* go_red@2x.png */; };
		4CA469F8199B9E4600ED0AB8 /* go_yellow@2x.png in Resources */ = {isa = PBXBuildFile; fileRef = 4CA469F4199B9E4600ED0AB8 /* go_yellow@2x.png */; };
		4CA47C0819AE121000E832DF /* yellow_2@2x.png in Resources */ = {isa = PBXBuildFile; fileRef = 4CA47C0419AE121000E832DF /* yellow_2@2x.png */; };
		4CA47C0919AE121000E832DF /* blue_2@2x.png in Resources */ = {isa = PBXBuildFile; fileRef = 4CA47C0519AE121000E832DF /* blue_2@2x.png */; };
		4CA47C0A19AE121000E832DF /* red_2@2x.png in Resources */ = {isa = PBXBuildFile; fileRef = 4CA47C0619AE121000E832DF /* red_2@2x.png */; };
		4CA47C0B19AE121000E832DF /* green_2@2x.png in Resources */ = {isa = PBXBuildFile; fileRef = 4CA47C0719AE121000E832DF /* green_2@2x.png */; };
		4CAA5DEA1929998000049F52 /* GamePad.m in Sources */ = {isa = PBXBuildFile; fileRef = 4CAA5DE91929998000049F52 /* GamePad.m */; };
		4CAA5DF21929AB9100049F52 /* SocialShare.m in Sources */ = {isa = PBXBuildFile; fileRef = 4CAA5DF11929AB9100049F52 /* SocialShare.m */; };
		4CAE113519B55EA900D2608E /* CHANGELOG.md in Resources */ = {isa = PBXBuildFile; fileRef = 4CAE113119B55EA900D2608E /* CHANGELOG.md */; };
		4CAE113619B55EA900D2608E /* libChartboost.a in Frameworks */ = {isa = PBXBuildFile; fileRef = 4CAE113319B55EA900D2608E /* libChartboost.a */; };
		4CAE113719B55EA900D2608E /* README.md in Resources */ = {isa = PBXBuildFile; fileRef = 4CAE113419B55EA900D2608E /* README.md */; };
		4CAE113919B55F0E00D2608E /* CoreMedia.framework in Frameworks */ = {isa = PBXBuildFile; fileRef = 4CAE113819B55F0E00D2608E /* CoreMedia.framework */; };
		4CAE113B19B55F1900D2608E /* QuartzCore.framework in Frameworks */ = {isa = PBXBuildFile; fileRef = 4CAE113A19B55F1900D2608E /* QuartzCore.framework */; };
		4CAE114519B5AB5500D2608E /* explodeSquare.mp3 in Resources */ = {isa = PBXBuildFile; fileRef = 4CAE114419B5AB5500D2608E /* explodeSquare.mp3 */; };
		4CAE114719B5B39F00D2608E /* combo.mp3 in Resources */ = {isa = PBXBuildFile; fileRef = 4CAE114619B5B39F00D2608E /* combo.mp3 */; };
		4CAE114919B5B53C00D2608E /* move.mp3 in Resources */ = {isa = PBXBuildFile; fileRef = 4CAE114819B5B53C00D2608E /* move.mp3 */; };
		4CB108A5190FF6440085C747 /* Foundation.framework in Frameworks */ = {isa = PBXBuildFile; fileRef = 4CB108A4190FF6440085C747 /* Foundation.framework */; };
		4CB108A7190FF6440085C747 /* CoreGraphics.framework in Frameworks */ = {isa = PBXBuildFile; fileRef = 4CB108A6190FF6440085C747 /* CoreGraphics.framework */; };
		4CB108A9190FF6440085C747 /* UIKit.framework in Frameworks */ = {isa = PBXBuildFile; fileRef = 4CB108A8190FF6440085C747 /* UIKit.framework */; };
		4CB108AB190FF6440085C747 /* CoreData.framework in Frameworks */ = {isa = PBXBuildFile; fileRef = 4CB108AA190FF6440085C747 /* CoreData.framework */; };
		4CB108B1190FF6440085C747 /* InfoPlist.strings in Resources */ = {isa = PBXBuildFile; fileRef = 4CB108AF190FF6440085C747 /* InfoPlist.strings */; };
		4CB108B3190FF6440085C747 /* main.m in Sources */ = {isa = PBXBuildFile; fileRef = 4CB108B2190FF6440085C747 /* main.m */; };
		4CB108B7190FF6440085C747 /* MKAppDelegate.m in Sources */ = {isa = PBXBuildFile; fileRef = 4CB108B6190FF6440085C747 /* MKAppDelegate.m */; };
		4CB108BA190FF6440085C747 /* TwoSnakes.xcdatamodeld in Sources */ = {isa = PBXBuildFile; fileRef = 4CB108B8190FF6440085C747 /* TwoSnakes.xcdatamodeld */; };
		4CB108BC190FF6440085C747 /* Images.xcassets in Resources */ = {isa = PBXBuildFile; fileRef = 4CB108BB190FF6440085C747 /* Images.xcassets */; };
		4CB108C3190FF6440085C747 /* XCTest.framework in Frameworks */ = {isa = PBXBuildFile; fileRef = 4CB108C2190FF6440085C747 /* XCTest.framework */; };
		4CB108C4190FF6440085C747 /* Foundation.framework in Frameworks */ = {isa = PBXBuildFile; fileRef = 4CB108A4190FF6440085C747 /* Foundation.framework */; };
		4CB108C5190FF6440085C747 /* UIKit.framework in Frameworks */ = {isa = PBXBuildFile; fileRef = 4CB108A8190FF6440085C747 /* UIKit.framework */; };
		4CB108C6190FF6440085C747 /* CoreData.framework in Frameworks */ = {isa = PBXBuildFile; fileRef = 4CB108AA190FF6440085C747 /* CoreData.framework */; };
		4CB108CE190FF6440085C747 /* InfoPlist.strings in Resources */ = {isa = PBXBuildFile; fileRef = 4CB108CC190FF6440085C747 /* InfoPlist.strings */; };
		4CB108D0190FF6440085C747 /* TwoSnakesTests.m in Sources */ = {isa = PBXBuildFile; fileRef = 4CB108CF190FF6440085C747 /* TwoSnakesTests.m */; };
		4CC294F419B3111200032D7A /* twitter40@2x.png in Resources */ = {isa = PBXBuildFile; fileRef = 4CC294F219B3111200032D7A /* twitter40@2x.png */; };
		4CC294F819B3124800032D7A /* facebook40@2x.png in Resources */ = {isa = PBXBuildFile; fileRef = 4CC294F719B3124800032D7A /* facebook40@2x.png */; };
		4CC2950019B3585100032D7A /* bomb_orange@2x.png in Resources */ = {isa = PBXBuildFile; fileRef = 4CC294FF19B3585100032D7A /* bomb_orange@2x.png */; };
		4CC2950219B3585C00032D7A /* orange_2@2x.png in Resources */ = {isa = PBXBuildFile; fileRef = 4CC2950119B3585C00032D7A /* orange_2@2x.png */; };
		4CC2950419B3586500032D7A /* orange@2x.png in Resources */ = {isa = PBXBuildFile; fileRef = 4CC2950319B3586500032D7A /* orange@2x.png */; };
		4CC2950619B3587000032D7A /* go_orange@2x.png in Resources */ = {isa = PBXBuildFile; fileRef = 4CC2950519B3587000032D7A /* go_orange@2x.png */; };
		4CC2950819B3587D00032D7A /* particle_orange@.png in Resources */ = {isa = PBXBuildFile; fileRef = 4CC2950719B3587D00032D7A /* particle_orange@.png */; };
		4CC2950B19B358B000032D7A /* OrangeParticle.sks in Resources */ = {isa = PBXBuildFile; fileRef = 4CC2950919B358B000032D7A /* OrangeParticle.sks */; };
		4CC2CDFF19AACDDF00C6A46F /* Background@2x.png in Resources */ = {isa = PBXBuildFile; fileRef = 4CC2CDFE19AACDDF00C6A46F /* Background@2x.png */; };
		4CC2CE0519AAE10900C6A46F /* gamecenter@2x.png in Resources */ = {isa = PBXBuildFile; fileRef = 4CC2CE0419AAE10900C6A46F /* gamecenter@2x.png */; };
		4CC2CE1519AAEF6900C6A46F /* replayButton@2x.png in Resources */ = {isa = PBXBuildFile; fileRef = 4CC2CE1419AAEF6900C6A46F /* replayButton@2x.png */; };
		4CD0E0A219B42268002D9FBC /* ScoreObject.m in Sources */ = {isa = PBXBuildFile; fileRef = 4CD0E0A119B42268002D9FBC /* ScoreObject.m */; };
		4CD7836A19B614F500EFF33F /* GameStatsViewController.m in Sources */ = {isa = PBXBuildFile; fileRef = 4CD7836919B614F500EFF33F /* GameStatsViewController.m */; };
		4CD7D1281994872100E1A03C /* CoreMotion.framework in Frameworks */ = {isa = PBXBuildFile; fileRef = 4CD7D1271994872100E1A03C /* CoreMotion.framework */; };
		4CDBB71D1920A00900D8A9B4 /* Social.framework in Frameworks */ = {isa = PBXBuildFile; fileRef = 4CDBB71C1920A00900D8A9B4 /* Social.framework */; };
		4CDBB7201920A22900D8A9B4 /* GCHelper.m in Sources */ = {isa = PBXBuildFile; fileRef = 4CDBB71F1920A22900D8A9B4 /* GCHelper.m */; };
		4CE343B31957D6C00032E674 /* ParticleView.m in Sources */ = {isa = PBXBuildFile; fileRef = 4CE343B21957D6C00032E674 /* ParticleView.m */; };
/* End PBXBuildFile section */

/* Begin PBXContainerItemProxy section */
		4CB108C7190FF6440085C747 /* PBXContainerItemProxy */ = {
			isa = PBXContainerItemProxy;
			containerPortal = 4CB10899190FF6440085C747 /* Project object */;
			proxyType = 1;
			remoteGlobalIDString = 4CB108A0190FF6440085C747;
			remoteInfo = TwoSnakes;
		};
/* End PBXContainerItemProxy section */

/* Begin PBXFileReference section */
		4C2866D819986F52009651B4 /* blue@2x.png */ = {isa = PBXFileReference; lastKnownFileType = image.png; path = "blue@2x.png"; sourceTree = "<group>"; };
		4C2866DA19986F52009651B4 /* yellow@2x.png */ = {isa = PBXFileReference; lastKnownFileType = image.png; path = "yellow@2x.png"; sourceTree = "<group>"; };
		4C2866DB19986F52009651B4 /* green@2x.png */ = {isa = PBXFileReference; lastKnownFileType = image.png; path = "green@2x.png"; sourceTree = "<group>"; };
		4C2866DC19986F52009651B4 /* red@2x.png */ = {isa = PBXFileReference; lastKnownFileType = image.png; path = "red@2x.png"; sourceTree = "<group>"; };
		4C2866E2199872AB009651B4 /* particle_blue.png */ = {isa = PBXFileReference; lastKnownFileType = image.png; path = particle_blue.png; sourceTree = "<group>"; };
		4C2866E4199872AB009651B4 /* particle_yellow.png */ = {isa = PBXFileReference; lastKnownFileType = image.png; path = particle_yellow.png; sourceTree = "<group>"; };
		4C2866E5199872AB009651B4 /* particle_red.png */ = {isa = PBXFileReference; lastKnownFileType = image.png; path = particle_red.png; sourceTree = "<group>"; };
		4C2866E6199872AB009651B4 /* particle_green.png */ = {isa = PBXFileReference; lastKnownFileType = image.png; path = particle_green.png; sourceTree = "<group>"; };
		4C50EE9D19A1DBF300C5DA41 /* bomb_blue@2x.png */ = {isa = PBXFileReference; lastKnownFileType = image.png; path = "bomb_blue@2x.png"; sourceTree = "<group>"; };
		4C50EE9E19A1DBF300C5DA41 /* bomb_green@2x.png */ = {isa = PBXFileReference; lastKnownFileType = image.png; path = "bomb_green@2x.png"; sourceTree = "<group>"; };
		4C50EE9F19A1DBF300C5DA41 /* bomb_red@2x.png */ = {isa = PBXFileReference; lastKnownFileType = image.png; path = "bomb_red@2x.png"; sourceTree = "<group>"; };
		4C50EEA019A1DBF300C5DA41 /* bomb_yellow@2x.png */ = {isa = PBXFileReference; lastKnownFileType = image.png; path = "bomb_yellow@2x.png"; sourceTree = "<group>"; };
		4C5C1DE719B74FBE009BF2D3 /* tutorial90@2x.png */ = {isa = PBXFileReference; lastKnownFileType = image.png; path = "tutorial90@2x.png"; sourceTree = "<group>"; };
		4C5C1DEB19B8054B009BF2D3 /* swipeGesture160@2x.png */ = {isa = PBXFileReference; lastKnownFileType = image.png; path = "swipeGesture160@2x.png"; sourceTree = "<group>"; };
		4C5C1DEF19B80EFB009BF2D3 /* tutorialCombo160@2x.png */ = {isa = PBXFileReference; lastKnownFileType = image.png; path = "tutorialCombo160@2x.png"; sourceTree = "<group>"; };
		4C5C1DF119B8110B009BF2D3 /* tutorialBomb160@2x.png */ = {isa = PBXFileReference; lastKnownFileType = image.png; path = "tutorialBomb160@2x.png"; sourceTree = "<group>"; };
		4C5C1DF519B83F56009BF2D3 /* tutorialCreateBomb160@2x.png */ = {isa = PBXFileReference; lastKnownFileType = image.png; path = "tutorialCreateBomb160@2x.png"; sourceTree = "<group>"; };
		4C5C1DF719B84C6B009BF2D3 /* tutorialCreateBomb140@2x.png */ = {isa = PBXFileReference; lastKnownFileType = image.png; path = "tutorialCreateBomb140@2x.png"; sourceTree = "<group>"; };
		4C5C1DFD19B84D4E009BF2D3 /* tutorialSwipe140@2x.png */ = {isa = PBXFileReference; lastKnownFileType = image.png; path = "tutorialSwipe140@2x.png"; sourceTree = "<group>"; };
		4C5C1DFF19B84F21009BF2D3 /* tutorialBomb140@2x.png */ = {isa = PBXFileReference; lastKnownFileType = image.png; path = "tutorialBomb140@2x.png"; sourceTree = "<group>"; };
		4C5C1E0319B8A91A009BF2D3 /* explode.mp3 */ = {isa = PBXFileReference; lastKnownFileType = audio.mp3; path = explode.mp3; sourceTree = "<group>"; };
		4C5C1E0919B8AC10009BF2D3 /* tutorialCombo140@2x.png */ = {isa = PBXFileReference; lastKnownFileType = image.png; path = "tutorialCombo140@2x.png"; sourceTree = "<group>"; };
		4C5C1E1719B8AF89009BF2D3 /* introMove.mp3 */ = {isa = PBXFileReference; lastKnownFileType = audio.mp3; path = introMove.mp3; sourceTree = "<group>"; };
		4C5C1E1919B8B928009BF2D3 /* break.mp3 */ = {isa = PBXFileReference; lastKnownFileType = audio.mp3; path = break.mp3; sourceTree = "<group>"; };
		4C6C2BC019B20EBD00ABE726 /* explodeHorizontal@2x.png */ = {isa = PBXFileReference; lastKnownFileType = image.png; path = "explodeHorizontal@2x.png"; sourceTree = "<group>"; };
		4C6C2BC119B20EBD00ABE726 /* explodeVertical@2x.png */ = {isa = PBXFileReference; lastKnownFileType = image.png; path = "explodeVertical@2x.png"; sourceTree = "<group>"; };
		4C6C2BC219B20EBD00ABE726 /* squareExplode@2x.png */ = {isa = PBXFileReference; lastKnownFileType = image.png; path = "squareExplode@2x.png"; sourceTree = "<group>"; };
		4C6C2BC619B20F2700ABE726 /* bomb_grey@2x.png */ = {isa = PBXFileReference; lastKnownFileType = image.png; path = "bomb_grey@2x.png"; sourceTree = "<group>"; };
		4C6C2BC819B20F4700ABE726 /* grey_2@2x.png */ = {isa = PBXFileReference; lastKnownFileType = image.png; path = "grey_2@2x.png"; sourceTree = "<group>"; };
		4C6C2BCA19B20F5B00ABE726 /* grey@2x.png */ = {isa = PBXFileReference; lastKnownFileType = image.png; path = "grey@2x.png"; sourceTree = "<group>"; };
		4C6C2BCE19B20FA800ABE726 /* particle_grey.png */ = {isa = PBXFileReference; lastKnownFileType = image.png; path = particle_grey.png; sourceTree = "<group>"; };
		4C6C2BD619B2143200ABE726 /* go_grey@2x.png */ = {isa = PBXFileReference; lastKnownFileType = image.png; path = "go_grey@2x.png"; sourceTree = "<group>"; };
		4C6F0C6B19B9572400CEC808 /* AVAudioPlayer+VolumeFade.h */ = {isa = PBXFileReference; fileEncoding = 4; lastKnownFileType = sourcecode.c.h; path = "AVAudioPlayer+VolumeFade.h"; sourceTree = "<group>"; };
		4C70B6D2197F8C480024F9DF /* GreyParticle.sks */ = {isa = PBXFileReference; lastKnownFileType = file.sks; path = GreyParticle.sks; sourceTree = "<group>"; };
		4C70B6D4197F8C5D0024F9DF /* GreenParticle.sks */ = {isa = PBXFileReference; lastKnownFileType = file.sks; path = GreenParticle.sks; sourceTree = "<group>"; };
		4C724D7419B6AF7D003DA879 /* musicOff90@2x.png */ = {isa = PBXFileReference; lastKnownFileType = image.png; path = "musicOff90@2x.png"; sourceTree = "<group>"; };
		4C724D7519B6AF7D003DA879 /* soundOff90@2x.png */ = {isa = PBXFileReference; lastKnownFileType = image.png; path = "soundOff90@2x.png"; sourceTree = "<group>"; };
		4C724D7A19B6B3DD003DA879 /* rating90@2x.png */ = {isa = PBXFileReference; lastKnownFileType = image.png; path = "rating90@2x.png"; sourceTree = "<group>"; };
		4C724D7B19B6B3DD003DA879 /* soundOn90@2x.png */ = {isa = PBXFileReference; lastKnownFileType = image.png; path = "soundOn90@2x.png"; sourceTree = "<group>"; };
		4C724D7C19B6B3DD003DA879 /* musicOn90@2x.png */ = {isa = PBXFileReference; lastKnownFileType = image.png; path = "musicOn90@2x.png"; sourceTree = "<group>"; };
		4C724D8419B6BC4B003DA879 /* back70@2x.png */ = {isa = PBXFileReference; lastKnownFileType = image.png; path = "back70@2x.png"; sourceTree = "<group>"; };
		4C724D8619B6D739003DA879 /* button.mp3 */ = {isa = PBXFileReference; lastKnownFileType = audio.mp3; path = button.mp3; sourceTree = "<group>"; };
		4C724D8919B6DA7E003DA879 /* gameover.wav */ = {isa = PBXFileReference; lastKnownFileType = audio.wav; path = gameover.wav; sourceTree = "<group>"; };
		4C724D8D19B6E522003DA879 /* gamecenter70@2x.png */ = {isa = PBXFileReference; lastKnownFileType = image.png; path = "gamecenter70@2x.png"; sourceTree = "<group>"; };
		4C78A078192DA14D003F9ABE /* ClassicGameController.h */ = {isa = PBXFileReference; fileEncoding = 4; lastKnownFileType = sourcecode.c.h; path = ClassicGameController.h; sourceTree = "<group>"; };
		4C78A079192DA14D003F9ABE /* ClassicGameController.m */ = {isa = PBXFileReference; fileEncoding = 4; lastKnownFileType = sourcecode.c.objc; path = ClassicGameController.m; sourceTree = "<group>"; };
		4C78A07F192DDABB003F9ABE /* GameAsset.h */ = {isa = PBXFileReference; fileEncoding = 4; lastKnownFileType = sourcecode.c.h; path = GameAsset.h; sourceTree = "<group>"; };
		4C78A080192DDABB003F9ABE /* GameAsset.m */ = {isa = PBXFileReference; fileEncoding = 4; lastKnownFileType = sourcecode.c.objc; path = GameAsset.m; sourceTree = "<group>"; };
		4C7F13551911F36D00565A01 /* Snake.h */ = {isa = PBXFileReference; fileEncoding = 4; lastKnownFileType = sourcecode.c.h; path = Snake.h; sourceTree = "<group>"; };
		4C7F13561911F36D00565A01 /* Snake.m */ = {isa = PBXFileReference; fileEncoding = 4; lastKnownFileType = sourcecode.c.objc; path = Snake.m; sourceTree = "<group>"; };
		4C8541971946A8B300810CE4 /* README.txt */ = {isa = PBXFileReference; fileEncoding = 4; lastKnownFileType = text; path = README.txt; sourceTree = "<group>"; };
		4C8541981946A8B300810CE4 /* libGoogleAdMobAds.a */ = {isa = PBXFileReference; lastKnownFileType = archive.ar; path = libGoogleAdMobAds.a; sourceTree = "<group>"; };
		4C8541991946A8B300810CE4 /* GADRequestError.h */ = {isa = PBXFileReference; fileEncoding = 4; lastKnownFileType = sourcecode.c.h; path = GADRequestError.h; sourceTree = "<group>"; };
		4C85419A1946A8B300810CE4 /* GADRequest.h */ = {isa = PBXFileReference; fileEncoding = 4; lastKnownFileType = sourcecode.c.h; path = GADRequest.h; sourceTree = "<group>"; };
		4C85419B1946A8B300810CE4 /* GADModules.h */ = {isa = PBXFileReference; fileEncoding = 4; lastKnownFileType = sourcecode.c.h; path = GADModules.h; sourceTree = "<group>"; };
		4C85419C1946A8B300810CE4 /* GADInterstitialDelegate.h */ = {isa = PBXFileReference; fileEncoding = 4; lastKnownFileType = sourcecode.c.h; path = GADInterstitialDelegate.h; sourceTree = "<group>"; };
		4C85419D1946A8B300810CE4 /* GADInterstitial.h */ = {isa = PBXFileReference; fileEncoding = 4; lastKnownFileType = sourcecode.c.h; path = GADInterstitial.h; sourceTree = "<group>"; };
		4C85419E1946A8B300810CE4 /* GADInAppPurchaseDelegate.h */ = {isa = PBXFileReference; fileEncoding = 4; lastKnownFileType = sourcecode.c.h; path = GADInAppPurchaseDelegate.h; sourceTree = "<group>"; };
		4C85419F1946A8B300810CE4 /* GADInAppPurchase.h */ = {isa = PBXFileReference; fileEncoding = 4; lastKnownFileType = sourcecode.c.h; path = GADInAppPurchase.h; sourceTree = "<group>"; };
		4C8541A01946A8B300810CE4 /* GADBannerViewDelegate.h */ = {isa = PBXFileReference; fileEncoding = 4; lastKnownFileType = sourcecode.c.h; path = GADBannerViewDelegate.h; sourceTree = "<group>"; };
		4C8541A11946A8B300810CE4 /* GADBannerView.h */ = {isa = PBXFileReference; fileEncoding = 4; lastKnownFileType = sourcecode.c.h; path = GADBannerView.h; sourceTree = "<group>"; };
		4C8541A21946A8B300810CE4 /* GADAdSize.h */ = {isa = PBXFileReference; fileEncoding = 4; lastKnownFileType = sourcecode.c.h; path = GADAdSize.h; sourceTree = "<group>"; };
		4C8541A31946A8B300810CE4 /* GADAdNetworkExtras.h */ = {isa = PBXFileReference; fileEncoding = 4; lastKnownFileType = sourcecode.c.h; path = GADAdNetworkExtras.h; sourceTree = "<group>"; };
		4C8541A41946A8B300810CE4 /* GADAdMobExtras.h */ = {isa = PBXFileReference; fileEncoding = 4; lastKnownFileType = sourcecode.c.h; path = GADAdMobExtras.h; sourceTree = "<group>"; };
		4C8541A71946A8DE00810CE4 /* AdSupport.framework */ = {isa = PBXFileReference; lastKnownFileType = wrapper.framework; name = AdSupport.framework; path = System/Library/Frameworks/AdSupport.framework; sourceTree = SDKROOT; };
		4C8541A91946A8E900810CE4 /* AudioToolbox.framework */ = {isa = PBXFileReference; lastKnownFileType = wrapper.framework; name = AudioToolbox.framework; path = System/Library/Frameworks/AudioToolbox.framework; sourceTree = SDKROOT; };
		4C8541AB1946A8F700810CE4 /* AVFoundation.framework */ = {isa = PBXFileReference; lastKnownFileType = wrapper.framework; name = AVFoundation.framework; path = System/Library/Frameworks/AVFoundation.framework; sourceTree = SDKROOT; };
		4C8541AD1946A90900810CE4 /* MessageUI.framework */ = {isa = PBXFileReference; lastKnownFileType = wrapper.framework; name = MessageUI.framework; path = System/Library/Frameworks/MessageUI.framework; sourceTree = SDKROOT; };
		4C8541AF1946A91200810CE4 /* StoreKit.framework */ = {isa = PBXFileReference; lastKnownFileType = wrapper.framework; name = StoreKit.framework; path = System/Library/Frameworks/StoreKit.framework; sourceTree = SDKROOT; };
		4C8541B11946A91D00810CE4 /* SystemConfiguration.framework */ = {isa = PBXFileReference; lastKnownFileType = wrapper.framework; name = SystemConfiguration.framework; path = System/Library/Frameworks/SystemConfiguration.framework; sourceTree = SDKROOT; };
		4C8585971925A1990096F75B /* MenuController.h */ = {isa = PBXFileReference; fileEncoding = 4; lastKnownFileType = sourcecode.c.h; path = MenuController.h; sourceTree = "<group>"; };
		4C8585981925A1990096F75B /* MenuController.m */ = {isa = PBXFileReference; fileEncoding = 4; lastKnownFileType = sourcecode.c.objc; path = MenuController.m; sourceTree = "<group>"; };
		4C8585991925A1990096F75B /* MenuController.xib */ = {isa = PBXFileReference; fileEncoding = 4; lastKnownFileType = file.xib; path = MenuController.xib; sourceTree = "<group>"; };
		4C8585B11925FF200096F75B /* Reachability.m */ = {isa = PBXFileReference; fileEncoding = 4; lastKnownFileType = sourcecode.c.objc; path = Reachability.m; sourceTree = "<group>"; };
		4C8585B21925FF200096F75B /* Reachability.h */ = {isa = PBXFileReference; fileEncoding = 4; lastKnownFileType = sourcecode.c.h; path = Reachability.h; sourceTree = "<group>"; };
		4C87C37719A6F51B007EA190 /* freezeTime@2x.png */ = {isa = PBXFileReference; lastKnownFileType = image.png; path = "freezeTime@2x.png"; sourceTree = "<group>"; };
		4C87C37C19A6F82F007EA190 /* explode@2x.png */ = {isa = PBXFileReference; lastKnownFileType = image.png; path = "explode@2x.png"; sourceTree = "<group>"; };
		4C87C37E19A6F94E007EA190 /* swapTime@2x.png */ = {isa = PBXFileReference; lastKnownFileType = image.png; path = "swapTime@2x.png"; sourceTree = "<group>"; };
		4C87C38819A7192F007EA190 /* CustomLabel.h */ = {isa = PBXFileReference; fileEncoding = 4; lastKnownFileType = sourcecode.c.h; path = CustomLabel.h; sourceTree = "<group>"; };
		4C87C38919A7192F007EA190 /* CustomLabel.m */ = {isa = PBXFileReference; fileEncoding = 4; lastKnownFileType = sourcecode.c.objc; path = CustomLabel.m; sourceTree = "<group>"; };
		4C967D4619BE911C00B2A44F /* easy-living.mp3 */ = {isa = PBXFileReference; lastKnownFileType = audio.mp3; path = "easy-living.mp3"; sourceTree = "<group>"; };
		4C967D4719BE911C00B2A44F /* cool-space-flight.mp3 */ = {isa = PBXFileReference; lastKnownFileType = audio.mp3; path = "cool-space-flight.mp3"; sourceTree = "<group>"; };
		4C967D4819BE911C00B2A44F /* cool-business-model.mp3 */ = {isa = PBXFileReference; lastKnownFileType = audio.mp3; path = "cool-business-model.mp3"; sourceTree = "<group>"; };
		4C967D4919BE911C00B2A44F /* goodbye-dream.mp3 */ = {isa = PBXFileReference; lastKnownFileType = audio.mp3; path = "goodbye-dream.mp3"; sourceTree = "<group>"; };
		4C967D4A19BE911C00B2A44F /* flying-forward.mp3 */ = {isa = PBXFileReference; lastKnownFileType = audio.mp3; path = "flying-forward.mp3"; sourceTree = "<group>"; };
		4C967D4B19BE911C00B2A44F /* cool-rain.mp3 */ = {isa = PBXFileReference; lastKnownFileType = audio.mp3; path = "cool-rain.mp3"; sourceTree = "<group>"; };
		4C967D5219BEA80A00B2A44F /* setting70@2x.png */ = {isa = PBXFileReference; lastKnownFileType = image.png; path = "setting70@2x.png"; sourceTree = "<group>"; };
		4C967D5819BEB09D00B2A44F /* explodeColor.mp3 */ = {isa = PBXFileReference; lastKnownFileType = audio.mp3; path = explodeColor.mp3; sourceTree = "<group>"; };
		4C967D5A19BEBF3400B2A44F /* playButtonSound.mp3 */ = {isa = PBXFileReference; lastKnownFileType = audio.mp3; path = playButtonSound.mp3; sourceTree = "<group>"; };
		4C967D5C19BEC74E00B2A44F /* zh-Hant */ = {isa = PBXFileReference; lastKnownFileType = text.plist.strings; name = "zh-Hant"; path = "zh-Hant.lproj/InfoPlist.strings"; sourceTree = "<group>"; };
		4C967D5D19BEC74E00B2A44F /* zh-Hant */ = {isa = PBXFileReference; lastKnownFileType = text.plist.strings; name = "zh-Hant"; path = "zh-Hant.lproj/InfoPlist.strings"; sourceTree = "<group>"; };
		4C967D5E19BEC9F600B2A44F /* zh-Hans */ = {isa = PBXFileReference; lastKnownFileType = text.plist.strings; name = "zh-Hans"; path = "zh-Hans.lproj/InfoPlist.strings"; sourceTree = "<group>"; };
		4C967D5F19BEC9F600B2A44F /* zh-Hans */ = {isa = PBXFileReference; lastKnownFileType = text.plist.strings; name = "zh-Hans"; path = "zh-Hans.lproj/InfoPlist.strings"; sourceTree = "<group>"; };
		4C967D6419BECB5A00B2A44F /* en */ = {isa = PBXFileReference; lastKnownFileType = text.plist.strings; name = en; path = en.lproj/Localizable.strings; sourceTree = "<group>"; };
		4C967D6619BECB6000B2A44F /* zh-Hant */ = {isa = PBXFileReference; lastKnownFileType = text.plist.strings; name = "zh-Hant"; path = "zh-Hant.lproj/Localizable.strings"; sourceTree = "<group>"; };
		4C967D6719BECB6100B2A44F /* zh-Hans */ = {isa = PBXFileReference; lastKnownFileType = text.plist.strings; name = "zh-Hans"; path = "zh-Hans.lproj/Localizable.strings"; sourceTree = "<group>"; };
		4C967D6C19BEDE8500B2A44F /* introBomb102@2x.png */ = {isa = PBXFileReference; lastKnownFileType = image.png; path = "introBomb102@2x.png"; sourceTree = "<group>"; };
		4C967D6E19BEDEF800B2A44F /* BBBIcon120@2x.png */ = {isa = PBXFileReference; lastKnownFileType = image.png; path = "BBBIcon120@2x.png"; sourceTree = "<group>"; };
		4CA0A9D91997C2A70020D1F9 /* RedParticle.sks */ = {isa = PBXFileReference; lastKnownFileType = file.sks; path = RedParticle.sks; sourceTree = "<group>"; };
		4CA0A9DD1997C2C00020D1F9 /* YellowParticle.sks */ = {isa = PBXFileReference; lastKnownFileType = file.sks; path = YellowParticle.sks; sourceTree = "<group>"; };
		4CA0E59119764CD2008B2E71 /* BlueParticle.sks */ = {isa = PBXFileReference; lastKnownFileType = file.sks; path = BlueParticle.sks; sourceTree = "<group>"; };
		4CA0E5E11977A405008B2E71 /* SnakeNode.h */ = {isa = PBXFileReference; fileEncoding = 4; lastKnownFileType = sourcecode.c.h; path = SnakeNode.h; sourceTree = "<group>"; };
		4CA0E5E21977A405008B2E71 /* SnakeNode.m */ = {isa = PBXFileReference; fileEncoding = 4; lastKnownFileType = sourcecode.c.objc; path = SnakeNode.m; sourceTree = "<group>"; };
		4CA26E1519B45622002A40AA /* playButton@2x.png */ = {isa = PBXFileReference; lastKnownFileType = image.png; path = "playButton@2x.png"; sourceTree = "<group>"; };
		4CA469F1199B9E4600ED0AB8 /* go_blue@2x.png */ = {isa = PBXFileReference; lastKnownFileType = image.png; path = "go_blue@2x.png"; sourceTree = "<group>"; };
		4CA469F2199B9E4600ED0AB8 /* go_green@2x.png */ = {isa = PBXFileReference; lastKnownFileType = image.png; path = "go_green@2x.png"; sourceTree = "<group>"; };
		4CA469F3199B9E4600ED0AB8 /* go_red@2x.png */ = {isa = PBXFileReference; lastKnownFileType = image.png; path = "go_red@2x.png"; sourceTree = "<group>"; };
		4CA469F4199B9E4600ED0AB8 /* go_yellow@2x.png */ = {isa = PBXFileReference; lastKnownFileType = image.png; path = "go_yellow@2x.png"; sourceTree = "<group>"; };
		4CA47C0419AE121000E832DF /* yellow_2@2x.png */ = {isa = PBXFileReference; lastKnownFileType = image.png; path = "yellow_2@2x.png"; sourceTree = "<group>"; };
		4CA47C0519AE121000E832DF /* blue_2@2x.png */ = {isa = PBXFileReference; lastKnownFileType = image.png; path = "blue_2@2x.png"; sourceTree = "<group>"; };
		4CA47C0619AE121000E832DF /* red_2@2x.png */ = {isa = PBXFileReference; lastKnownFileType = image.png; path = "red_2@2x.png"; sourceTree = "<group>"; };
		4CA47C0719AE121000E832DF /* green_2@2x.png */ = {isa = PBXFileReference; lastKnownFileType = image.png; path = "green_2@2x.png"; sourceTree = "<group>"; };
		4CAA5DE81929998000049F52 /* GamePad.h */ = {isa = PBXFileReference; fileEncoding = 4; lastKnownFileType = sourcecode.c.h; path = GamePad.h; sourceTree = "<group>"; };
		4CAA5DE91929998000049F52 /* GamePad.m */ = {isa = PBXFileReference; fileEncoding = 4; lastKnownFileType = sourcecode.c.objc; path = GamePad.m; sourceTree = "<group>"; };
		4CAA5DF01929AB9100049F52 /* SocialShare.h */ = {isa = PBXFileReference; fileEncoding = 4; lastKnownFileType = sourcecode.c.h; path = SocialShare.h; sourceTree = "<group>"; };
		4CAA5DF11929AB9100049F52 /* SocialShare.m */ = {isa = PBXFileReference; fileEncoding = 4; lastKnownFileType = sourcecode.c.objc; path = SocialShare.m; sourceTree = "<group>"; };
		4CAE112C19B55EA900D2608E /* CBMoreAppsButton.h */ = {isa = PBXFileReference; fileEncoding = 4; lastKnownFileType = sourcecode.c.h; path = CBMoreAppsButton.h; sourceTree = "<group>"; };
		4CAE112D19B55EA900D2608E /* CBNewsfeed.h */ = {isa = PBXFileReference; fileEncoding = 4; lastKnownFileType = sourcecode.c.h; path = CBNewsfeed.h; sourceTree = "<group>"; };
		4CAE112E19B55EA900D2608E /* CBNewsfeedUI.h */ = {isa = PBXFileReference; fileEncoding = 4; lastKnownFileType = sourcecode.c.h; path = CBNewsfeedUI.h; sourceTree = "<group>"; };
		4CAE112F19B55EA900D2608E /* CBPostInstallAnalyticsTracker.h */ = {isa = PBXFileReference; fileEncoding = 4; lastKnownFileType = sourcecode.c.h; path = CBPostInstallAnalyticsTracker.h; sourceTree = "<group>"; };
		4CAE113019B55EA900D2608E /* CBStory.h */ = {isa = PBXFileReference; fileEncoding = 4; lastKnownFileType = sourcecode.c.h; path = CBStory.h; sourceTree = "<group>"; };
		4CAE113119B55EA900D2608E /* CHANGELOG.md */ = {isa = PBXFileReference; fileEncoding = 4; lastKnownFileType = text; path = CHANGELOG.md; sourceTree = "<group>"; };
		4CAE113219B55EA900D2608E /* Chartboost.h */ = {isa = PBXFileReference; fileEncoding = 4; lastKnownFileType = sourcecode.c.h; path = Chartboost.h; sourceTree = "<group>"; };
		4CAE113319B55EA900D2608E /* libChartboost.a */ = {isa = PBXFileReference; lastKnownFileType = archive.ar; path = libChartboost.a; sourceTree = "<group>"; };
		4CAE113419B55EA900D2608E /* README.md */ = {isa = PBXFileReference; fileEncoding = 4; lastKnownFileType = text; path = README.md; sourceTree = "<group>"; };
		4CAE113819B55F0E00D2608E /* CoreMedia.framework */ = {isa = PBXFileReference; lastKnownFileType = wrapper.framework; name = CoreMedia.framework; path = System/Library/Frameworks/CoreMedia.framework; sourceTree = SDKROOT; };
		4CAE113A19B55F1900D2608E /* QuartzCore.framework */ = {isa = PBXFileReference; lastKnownFileType = wrapper.framework; name = QuartzCore.framework; path = System/Library/Frameworks/QuartzCore.framework; sourceTree = SDKROOT; };
		4CAE114419B5AB5500D2608E /* explodeSquare.mp3 */ = {isa = PBXFileReference; lastKnownFileType = audio.mp3; path = explodeSquare.mp3; sourceTree = "<group>"; };
		4CAE114619B5B39F00D2608E /* combo.mp3 */ = {isa = PBXFileReference; lastKnownFileType = audio.mp3; path = combo.mp3; sourceTree = "<group>"; };
		4CAE114819B5B53C00D2608E /* move.mp3 */ = {isa = PBXFileReference; lastKnownFileType = audio.mp3; path = move.mp3; sourceTree = "<group>"; };
		4CB108A1190FF6440085C747 /* Bomb Blocks.app */ = {isa = PBXFileReference; explicitFileType = wrapper.application; includeInIndex = 0; path = "Bomb Blocks.app"; sourceTree = BUILT_PRODUCTS_DIR; };
		4CB108A4190FF6440085C747 /* Foundation.framework */ = {isa = PBXFileReference; lastKnownFileType = wrapper.framework; name = Foundation.framework; path = System/Library/Frameworks/Foundation.framework; sourceTree = SDKROOT; };
		4CB108A6190FF6440085C747 /* CoreGraphics.framework */ = {isa = PBXFileReference; lastKnownFileType = wrapper.framework; name = CoreGraphics.framework; path = System/Library/Frameworks/CoreGraphics.framework; sourceTree = SDKROOT; };
		4CB108A8190FF6440085C747 /* UIKit.framework */ = {isa = PBXFileReference; lastKnownFileType = wrapper.framework; name = UIKit.framework; path = System/Library/Frameworks/UIKit.framework; sourceTree = SDKROOT; };
		4CB108AA190FF6440085C747 /* CoreData.framework */ = {isa = PBXFileReference; lastKnownFileType = wrapper.framework; name = CoreData.framework; path = System/Library/Frameworks/CoreData.framework; sourceTree = SDKROOT; };
		4CB108AE190FF6440085C747 /* Bomb Blocks-Info.plist */ = {isa = PBXFileReference; lastKnownFileType = text.plist.xml; path = "Bomb Blocks-Info.plist"; sourceTree = "<group>"; };
		4CB108B0190FF6440085C747 /* en */ = {isa = PBXFileReference; lastKnownFileType = text.plist.strings; name = en; path = en.lproj/InfoPlist.strings; sourceTree = "<group>"; };
		4CB108B2190FF6440085C747 /* main.m */ = {isa = PBXFileReference; lastKnownFileType = sourcecode.c.objc; path = main.m; sourceTree = "<group>"; };
		4CB108B4190FF6440085C747 /* Bomb Blocks-Prefix.pch */ = {isa = PBXFileReference; lastKnownFileType = sourcecode.c.h; path = "Bomb Blocks-Prefix.pch"; sourceTree = "<group>"; };
		4CB108B5190FF6440085C747 /* MKAppDelegate.h */ = {isa = PBXFileReference; lastKnownFileType = sourcecode.c.h; path = MKAppDelegate.h; sourceTree = "<group>"; };
		4CB108B6190FF6440085C747 /* MKAppDelegate.m */ = {isa = PBXFileReference; lastKnownFileType = sourcecode.c.objc; path = MKAppDelegate.m; sourceTree = "<group>"; };
		4CB108B9190FF6440085C747 /* TwoSnakes.xcdatamodel */ = {isa = PBXFileReference; lastKnownFileType = wrapper.xcdatamodel; path = TwoSnakes.xcdatamodel; sourceTree = "<group>"; };
		4CB108BB190FF6440085C747 /* Images.xcassets */ = {isa = PBXFileReference; lastKnownFileType = folder.assetcatalog; path = Images.xcassets; sourceTree = "<group>"; };
		4CB108C1190FF6440085C747 /* Bomb BlocksTests.xctest */ = {isa = PBXFileReference; explicitFileType = wrapper.cfbundle; includeInIndex = 0; path = "Bomb BlocksTests.xctest"; sourceTree = BUILT_PRODUCTS_DIR; };
		4CB108C2190FF6440085C747 /* XCTest.framework */ = {isa = PBXFileReference; lastKnownFileType = wrapper.framework; name = XCTest.framework; path = Library/Frameworks/XCTest.framework; sourceTree = DEVELOPER_DIR; };
		4CB108CB190FF6440085C747 /* Bomb BlocksTests-Info.plist */ = {isa = PBXFileReference; lastKnownFileType = text.plist.xml; path = "Bomb BlocksTests-Info.plist"; sourceTree = "<group>"; };
		4CB108CD190FF6440085C747 /* en */ = {isa = PBXFileReference; lastKnownFileType = text.plist.strings; name = en; path = en.lproj/InfoPlist.strings; sourceTree = "<group>"; };
		4CB108CF190FF6440085C747 /* TwoSnakesTests.m */ = {isa = PBXFileReference; lastKnownFileType = sourcecode.c.objc; path = TwoSnakesTests.m; sourceTree = "<group>"; };
		4CC294F219B3111200032D7A /* twitter40@2x.png */ = {isa = PBXFileReference; lastKnownFileType = image.png; path = "twitter40@2x.png"; sourceTree = "<group>"; };
		4CC294F719B3124800032D7A /* facebook40@2x.png */ = {isa = PBXFileReference; lastKnownFileType = image.png; path = "facebook40@2x.png"; sourceTree = "<group>"; };
		4CC294FF19B3585100032D7A /* bomb_orange@2x.png */ = {isa = PBXFileReference; lastKnownFileType = image.png; path = "bomb_orange@2x.png"; sourceTree = "<group>"; };
		4CC2950119B3585C00032D7A /* orange_2@2x.png */ = {isa = PBXFileReference; lastKnownFileType = image.png; path = "orange_2@2x.png"; sourceTree = "<group>"; };
		4CC2950319B3586500032D7A /* orange@2x.png */ = {isa = PBXFileReference; lastKnownFileType = image.png; path = "orange@2x.png"; sourceTree = "<group>"; };
		4CC2950519B3587000032D7A /* go_orange@2x.png */ = {isa = PBXFileReference; lastKnownFileType = image.png; path = "go_orange@2x.png"; sourceTree = "<group>"; };
		4CC2950719B3587D00032D7A /* particle_orange@.png */ = {isa = PBXFileReference; lastKnownFileType = image.png; path = "particle_orange@.png"; sourceTree = "<group>"; };
		4CC2950919B358B000032D7A /* OrangeParticle.sks */ = {isa = PBXFileReference; lastKnownFileType = file.sks; path = OrangeParticle.sks; sourceTree = "<group>"; };
		4CC2CDFE19AACDDF00C6A46F /* Background@2x.png */ = {isa = PBXFileReference; lastKnownFileType = image.png; path = "Background@2x.png"; sourceTree = "<group>"; };
		4CC2CE0419AAE10900C6A46F /* gamecenter@2x.png */ = {isa = PBXFileReference; lastKnownFileType = image.png; path = "gamecenter@2x.png"; sourceTree = "<group>"; };
		4CC2CE1419AAEF6900C6A46F /* replayButton@2x.png */ = {isa = PBXFileReference; lastKnownFileType = image.png; path = "replayButton@2x.png"; sourceTree = "<group>"; };
		4CD0E0A019B42268002D9FBC /* ScoreObject.h */ = {isa = PBXFileReference; fileEncoding = 4; lastKnownFileType = sourcecode.c.h; path = ScoreObject.h; sourceTree = "<group>"; };
		4CD0E0A119B42268002D9FBC /* ScoreObject.m */ = {isa = PBXFileReference; fileEncoding = 4; lastKnownFileType = sourcecode.c.objc; path = ScoreObject.m; sourceTree = "<group>"; };
		4CD7836819B614F500EFF33F /* GameStatsViewController.h */ = {isa = PBXFileReference; fileEncoding = 4; lastKnownFileType = sourcecode.c.h; path = GameStatsViewController.h; sourceTree = "<group>"; };
		4CD7836919B614F500EFF33F /* GameStatsViewController.m */ = {isa = PBXFileReference; fileEncoding = 4; lastKnownFileType = sourcecode.c.objc; path = GameStatsViewController.m; sourceTree = "<group>"; };
		4CD7D1271994872100E1A03C /* CoreMotion.framework */ = {isa = PBXFileReference; lastKnownFileType = wrapper.framework; name = CoreMotion.framework; path = System/Library/Frameworks/CoreMotion.framework; sourceTree = SDKROOT; };
		4CDBB71C1920A00900D8A9B4 /* Social.framework */ = {isa = PBXFileReference; lastKnownFileType = wrapper.framework; name = Social.framework; path = System/Library/Frameworks/Social.framework; sourceTree = SDKROOT; };
		4CDBB71E1920A22900D8A9B4 /* GCHelper.h */ = {isa = PBXFileReference; fileEncoding = 4; lastKnownFileType = sourcecode.c.h; path = GCHelper.h; sourceTree = "<group>"; };
		4CDBB71F1920A22900D8A9B4 /* GCHelper.m */ = {isa = PBXFileReference; fileEncoding = 4; lastKnownFileType = sourcecode.c.objc; path = GCHelper.m; sourceTree = "<group>"; };
		4CE343B11957D6C00032E674 /* ParticleView.h */ = {isa = PBXFileReference; fileEncoding = 4; lastKnownFileType = sourcecode.c.h; path = ParticleView.h; sourceTree = "<group>"; };
		4CE343B21957D6C00032E674 /* ParticleView.m */ = {isa = PBXFileReference; fileEncoding = 4; lastKnownFileType = sourcecode.c.objc; path = ParticleView.m; sourceTree = "<group>"; };
/* End PBXFileReference section */

/* Begin PBXFrameworksBuildPhase section */
		4CB1089E190FF6440085C747 /* Frameworks */ = {
			isa = PBXFrameworksBuildPhase;
			buildActionMask = 2147483647;
			files = (
				4CAE113B19B55F1900D2608E /* QuartzCore.framework in Frameworks */,
				4CAE113919B55F0E00D2608E /* CoreMedia.framework in Frameworks */,
				4CD7D1281994872100E1A03C /* CoreMotion.framework in Frameworks */,
				4C8541B21946A91D00810CE4 /* SystemConfiguration.framework in Frameworks */,
				4C8541B01946A91200810CE4 /* StoreKit.framework in Frameworks */,
				4C8541AE1946A90900810CE4 /* MessageUI.framework in Frameworks */,
				4C8541AC1946A8F700810CE4 /* AVFoundation.framework in Frameworks */,
				4C8541AA1946A8E900810CE4 /* AudioToolbox.framework in Frameworks */,
				4CAE113619B55EA900D2608E /* libChartboost.a in Frameworks */,
				4C8541A81946A8DE00810CE4 /* AdSupport.framework in Frameworks */,
				4CDBB71D1920A00900D8A9B4 /* Social.framework in Frameworks */,
				4CB108A7190FF6440085C747 /* CoreGraphics.framework in Frameworks */,
				4CB108AB190FF6440085C747 /* CoreData.framework in Frameworks */,
				4CB108A9190FF6440085C747 /* UIKit.framework in Frameworks */,
				4CB108A5190FF6440085C747 /* Foundation.framework in Frameworks */,
				4C8541A61946A8B300810CE4 /* libGoogleAdMobAds.a in Frameworks */,
			);
			runOnlyForDeploymentPostprocessing = 0;
		};
		4CB108BE190FF6440085C747 /* Frameworks */ = {
			isa = PBXFrameworksBuildPhase;
			buildActionMask = 2147483647;
			files = (
				4CB108C3190FF6440085C747 /* XCTest.framework in Frameworks */,
				4CB108C6190FF6440085C747 /* CoreData.framework in Frameworks */,
				4CB108C5190FF6440085C747 /* UIKit.framework in Frameworks */,
				4CB108C4190FF6440085C747 /* Foundation.framework in Frameworks */,
			);
			runOnlyForDeploymentPostprocessing = 0;
		};
/* End PBXFrameworksBuildPhase section */

/* Begin PBXGroup section */
		4C50EE9C19A1DBD700C5DA41 /* Bomb Image */ = {
			isa = PBXGroup;
			children = (
				4CC294FF19B3585100032D7A /* bomb_orange@2x.png */,
				4C6C2BC619B20F2700ABE726 /* bomb_grey@2x.png */,
				4C6C2BC019B20EBD00ABE726 /* explodeHorizontal@2x.png */,
				4C6C2BC119B20EBD00ABE726 /* explodeVertical@2x.png */,
				4C6C2BC219B20EBD00ABE726 /* squareExplode@2x.png */,
				4C87C37E19A6F94E007EA190 /* swapTime@2x.png */,
				4C87C37C19A6F82F007EA190 /* explode@2x.png */,
				4C87C37719A6F51B007EA190 /* freezeTime@2x.png */,
				4C50EE9D19A1DBF300C5DA41 /* bomb_blue@2x.png */,
				4C50EE9E19A1DBF300C5DA41 /* bomb_green@2x.png */,
				4C50EE9F19A1DBF300C5DA41 /* bomb_red@2x.png */,
				4C50EEA019A1DBF300C5DA41 /* bomb_yellow@2x.png */,
			);
			name = "Bomb Image";
			sourceTree = "<group>";
		};
		4C5C1E1519B8AD47009BF2D3 /* Background */ = {
			isa = PBXGroup;
			children = (
				4C967D4619BE911C00B2A44F /* easy-living.mp3 */,
				4C967D4719BE911C00B2A44F /* cool-space-flight.mp3 */,
				4C967D4819BE911C00B2A44F /* cool-business-model.mp3 */,
				4C967D4919BE911C00B2A44F /* goodbye-dream.mp3 */,
				4C967D4A19BE911C00B2A44F /* flying-forward.mp3 */,
				4C967D4B19BE911C00B2A44F /* cool-rain.mp3 */,
			);
			name = Background;
			sourceTree = "<group>";
		};
		4C5C1E1619B8AD60009BF2D3 /* Effect */ = {
			isa = PBXGroup;
			children = (
				4C967D5A19BEBF3400B2A44F /* playButtonSound.mp3 */,
				4C967D5819BEB09D00B2A44F /* explodeColor.mp3 */,
				4C5C1E1919B8B928009BF2D3 /* break.mp3 */,
				4C5C1E1719B8AF89009BF2D3 /* introMove.mp3 */,
				4C5C1E0319B8A91A009BF2D3 /* explode.mp3 */,
				4C724D8919B6DA7E003DA879 /* gameover.wav */,
				4CAE114819B5B53C00D2608E /* move.mp3 */,
				4CAE114619B5B39F00D2608E /* combo.mp3 */,
				4CAE114419B5AB5500D2608E /* explodeSquare.mp3 */,
				4C724D8619B6D739003DA879 /* button.mp3 */,
			);
			name = Effect;
			sourceTree = "<group>";
		};
		4C6F0C6E19B9638700CEC808 /* Tutorial Image */ = {
			isa = PBXGroup;
			children = (
				4C5C1DEB19B8054B009BF2D3 /* swipeGesture160@2x.png */,
				4C5C1E0919B8AC10009BF2D3 /* tutorialCombo140@2x.png */,
				4C5C1DFF19B84F21009BF2D3 /* tutorialBomb140@2x.png */,
				4C5C1DFD19B84D4E009BF2D3 /* tutorialSwipe140@2x.png */,
				4C5C1DF719B84C6B009BF2D3 /* tutorialCreateBomb140@2x.png */,
				4C5C1DF519B83F56009BF2D3 /* tutorialCreateBomb160@2x.png */,
				4C5C1DF119B8110B009BF2D3 /* tutorialBomb160@2x.png */,
				4C5C1DEF19B80EFB009BF2D3 /* tutorialCombo160@2x.png */,
			);
			name = "Tutorial Image";
			sourceTree = "<group>";
		};
		4C6F0C6F19B963A800CEC808 /* Setting Image */ = {
			isa = PBXGroup;
			children = (
				4C967D5219BEA80A00B2A44F /* setting70@2x.png */,
				4C5C1DE719B74FBE009BF2D3 /* tutorial90@2x.png */,
				4C724D8419B6BC4B003DA879 /* back70@2x.png */,
				4C724D7A19B6B3DD003DA879 /* rating90@2x.png */,
				4C724D7B19B6B3DD003DA879 /* soundOn90@2x.png */,
				4C724D7C19B6B3DD003DA879 /* musicOn90@2x.png */,
				4C724D7419B6AF7D003DA879 /* musicOff90@2x.png */,
				4C724D7519B6AF7D003DA879 /* soundOff90@2x.png */,
			);
			name = "Setting Image";
			sourceTree = "<group>";
		};
		4C70B6D6197F8C650024F9DF /* Particles */ = {
			isa = PBXGroup;
			children = (
				4CA0A9CC1997C2320020D1F9 /* Particle Image */,
				4CA0E59119764CD2008B2E71 /* BlueParticle.sks */,
				4C70B6D2197F8C480024F9DF /* GreyParticle.sks */,
				4C70B6D4197F8C5D0024F9DF /* GreenParticle.sks */,
				4CA0A9D91997C2A70020D1F9 /* RedParticle.sks */,
				4CA0A9DD1997C2C00020D1F9 /* YellowParticle.sks */,
				4CC2950919B358B000032D7A /* OrangeParticle.sks */,
				4C6F0C6B19B9572400CEC808 /* AVAudioPlayer+VolumeFade.h */,
			);
			name = Particles;
			path = TwoSnakes;
			sourceTree = "<group>";
		};
		4C724D8819B6DA61003DA879 /* Sound */ = {
			isa = PBXGroup;
			children = (
				4C5C1E1619B8AD60009BF2D3 /* Effect */,
				4C5C1E1519B8AD47009BF2D3 /* Background */,
			);
			name = Sound;
			sourceTree = "<group>";
		};
		4C8541961946A6CD00810CE4 /* AdmobSDK */ = {
			isa = PBXGroup;
			children = (
				4C8541971946A8B300810CE4 /* README.txt */,
				4C8541981946A8B300810CE4 /* libGoogleAdMobAds.a */,
				4C8541991946A8B300810CE4 /* GADRequestError.h */,
				4C85419A1946A8B300810CE4 /* GADRequest.h */,
				4C85419B1946A8B300810CE4 /* GADModules.h */,
				4C85419C1946A8B300810CE4 /* GADInterstitialDelegate.h */,
				4C85419D1946A8B300810CE4 /* GADInterstitial.h */,
				4C85419E1946A8B300810CE4 /* GADInAppPurchaseDelegate.h */,
				4C85419F1946A8B300810CE4 /* GADInAppPurchase.h */,
				4C8541A01946A8B300810CE4 /* GADBannerViewDelegate.h */,
				4C8541A11946A8B300810CE4 /* GADBannerView.h */,
				4C8541A21946A8B300810CE4 /* GADAdSize.h */,
				4C8541A31946A8B300810CE4 /* GADAdNetworkExtras.h */,
				4C8541A41946A8B300810CE4 /* GADAdMobExtras.h */,
			);
			name = AdmobSDK;
			path = TwoSnakes;
			sourceTree = "<group>";
		};
		4CA0A9BE1997C1690020D1F9 /* Game Over Image */ = {
			isa = PBXGroup;
			children = (
				4CC2950519B3587000032D7A /* go_orange@2x.png */,
				4C6C2BD619B2143200ABE726 /* go_grey@2x.png */,
				4CA469F1199B9E4600ED0AB8 /* go_blue@2x.png */,
				4CA469F2199B9E4600ED0AB8 /* go_green@2x.png */,
				4CA469F3199B9E4600ED0AB8 /* go_red@2x.png */,
				4CA469F4199B9E4600ED0AB8 /* go_yellow@2x.png */,
			);
			name = "Game Over Image";
			sourceTree = "<group>";
		};
		4CA0A9BF1997C1970020D1F9 /* Block Image */ = {
			isa = PBXGroup;
			children = (
				4CA47C0319AE11EF00E832DF /* Level2 */,
				4CA47C0219AE11E400E832DF /* Level1 */,
			);
			name = "Block Image";
			sourceTree = "<group>";
		};
		4CA0A9CC1997C2320020D1F9 /* Particle Image */ = {
			isa = PBXGroup;
			children = (
				4CC2950719B3587D00032D7A /* particle_orange@.png */,
				4C6C2BCE19B20FA800ABE726 /* particle_grey.png */,
				4C2866E2199872AB009651B4 /* particle_blue.png */,
				4C2866E4199872AB009651B4 /* particle_yellow.png */,
				4C2866E5199872AB009651B4 /* particle_red.png */,
				4C2866E6199872AB009651B4 /* particle_green.png */,
			);
			name = "Particle Image";
			path = ..;
			sourceTree = "<group>";
		};
		4CA47C0219AE11E400E832DF /* Level1 */ = {
			isa = PBXGroup;
			children = (
				4CC2950319B3586500032D7A /* orange@2x.png */,
				4C6C2BCA19B20F5B00ABE726 /* grey@2x.png */,
				4C2866D819986F52009651B4 /* blue@2x.png */,
				4C2866DA19986F52009651B4 /* yellow@2x.png */,
				4C2866DB19986F52009651B4 /* green@2x.png */,
				4C2866DC19986F52009651B4 /* red@2x.png */,
			);
			name = Level1;
			sourceTree = "<group>";
		};
		4CA47C0319AE11EF00E832DF /* Level2 */ = {
			isa = PBXGroup;
			children = (
				4CC2950119B3585C00032D7A /* orange_2@2x.png */,
				4C6C2BC819B20F4700ABE726 /* grey_2@2x.png */,
				4CA47C0419AE121000E832DF /* yellow_2@2x.png */,
				4CA47C0519AE121000E832DF /* blue_2@2x.png */,
				4CA47C0619AE121000E832DF /* red_2@2x.png */,
				4CA47C0719AE121000E832DF /* green_2@2x.png */,
			);
			name = Level2;
			sourceTree = "<group>";
		};
		4CAA5DEB1929A0C800049F52 /* Game Scene */ = {
			isa = PBXGroup;
			children = (
				4C7F13551911F36D00565A01 /* Snake.h */,
				4C7F13561911F36D00565A01 /* Snake.m */,
				4C78A07F192DDABB003F9ABE /* GameAsset.h */,
				4C78A080192DDABB003F9ABE /* GameAsset.m */,
				4CDBB71E1920A22900D8A9B4 /* GCHelper.h */,
				4CDBB71F1920A22900D8A9B4 /* GCHelper.m */,
				4C8585971925A1990096F75B /* MenuController.h */,
				4C8585981925A1990096F75B /* MenuController.m */,
				4C8585991925A1990096F75B /* MenuController.xib */,
				4CAA5DF01929AB9100049F52 /* SocialShare.h */,
				4CAA5DF11929AB9100049F52 /* SocialShare.m */,
				4CAA5DE81929998000049F52 /* GamePad.h */,
				4CAA5DE91929998000049F52 /* GamePad.m */,
				4C78A078192DA14D003F9ABE /* ClassicGameController.h */,
				4C78A079192DA14D003F9ABE /* ClassicGameController.m */,
				4CE343B11957D6C00032E674 /* ParticleView.h */,
				4CE343B21957D6C00032E674 /* ParticleView.m */,
				4CA0E5E11977A405008B2E71 /* SnakeNode.h */,
				4CA0E5E21977A405008B2E71 /* SnakeNode.m */,
				4C87C38819A7192F007EA190 /* CustomLabel.h */,
				4C87C38919A7192F007EA190 /* CustomLabel.m */,
				4CD0E0A019B42268002D9FBC /* ScoreObject.h */,
				4CD0E0A119B42268002D9FBC /* ScoreObject.m */,
				4CD7836819B614F500EFF33F /* GameStatsViewController.h */,
				4CD7836919B614F500EFF33F /* GameStatsViewController.m */,
			);
			name = "Game Scene";
			path = TwoSnakes;
			sourceTree = "<group>";
		};
		4CAE112B19B55EA900D2608E /* Chartboost */ = {
			isa = PBXGroup;
			children = (
				4CAE112C19B55EA900D2608E /* CBMoreAppsButton.h */,
				4CAE112D19B55EA900D2608E /* CBNewsfeed.h */,
				4CAE112E19B55EA900D2608E /* CBNewsfeedUI.h */,
				4CAE112F19B55EA900D2608E /* CBPostInstallAnalyticsTracker.h */,
				4CAE113019B55EA900D2608E /* CBStory.h */,
				4CAE113119B55EA900D2608E /* CHANGELOG.md */,
				4CAE113219B55EA900D2608E /* Chartboost.h */,
				4CAE113319B55EA900D2608E /* libChartboost.a */,
				4CAE113419B55EA900D2608E /* README.md */,
			);
			path = Chartboost;
			sourceTree = "<group>";
		};
		4CB10898190FF6440085C747 = {
			isa = PBXGroup;
			children = (
				4C967D6E19BEDEF800B2A44F /* BBBIcon120@2x.png */,
				4CB108AC190FF6440085C747 /* Bomb Blocks */,
				4C6F0C6F19B963A800CEC808 /* Setting Image */,
				4C6F0C6E19B9638700CEC808 /* Tutorial Image */,
				4C724D8819B6DA61003DA879 /* Sound */,
				4C50EE9C19A1DBD700C5DA41 /* Bomb Image */,
				4CA0A9BF1997C1970020D1F9 /* Block Image */,
				4CA0A9BE1997C1690020D1F9 /* Game Over Image */,
				4C70B6D6197F8C650024F9DF /* Particles */,
				4CAA5DEB1929A0C800049F52 /* Game Scene */,
				4CB108C9190FF6440085C747 /* TwoSnakesTests */,
				4CB108A3190FF6440085C747 /* Frameworks */,
				4CB108A2190FF6440085C747 /* Products */,
			);
			sourceTree = "<group>";
		};
		4CB108A2190FF6440085C747 /* Products */ = {
			isa = PBXGroup;
			children = (
				4CB108A1190FF6440085C747 /* Bomb Blocks.app */,
				4CB108C1190FF6440085C747 /* Bomb BlocksTests.xctest */,
			);
			name = Products;
			sourceTree = "<group>";
		};
		4CB108A3190FF6440085C747 /* Frameworks */ = {
			isa = PBXGroup;
			children = (
				4C8541961946A6CD00810CE4 /* AdmobSDK */,
				4CAE113A19B55F1900D2608E /* QuartzCore.framework */,
				4CAE113819B55F0E00D2608E /* CoreMedia.framework */,
				4CAE112B19B55EA900D2608E /* Chartboost */,
				4CD7D1271994872100E1A03C /* CoreMotion.framework */,
				4C8541B11946A91D00810CE4 /* SystemConfiguration.framework */,
				4C8541AF1946A91200810CE4 /* StoreKit.framework */,
				4C8541AD1946A90900810CE4 /* MessageUI.framework */,
				4C8541AB1946A8F700810CE4 /* AVFoundation.framework */,
				4C8541A91946A8E900810CE4 /* AudioToolbox.framework */,
				4C8541A71946A8DE00810CE4 /* AdSupport.framework */,
				4CDBB71C1920A00900D8A9B4 /* Social.framework */,
				4CB108A4190FF6440085C747 /* Foundation.framework */,
				4CB108A6190FF6440085C747 /* CoreGraphics.framework */,
				4CB108A8190FF6440085C747 /* UIKit.framework */,
				4CB108AA190FF6440085C747 /* CoreData.framework */,
				4CB108C2190FF6440085C747 /* XCTest.framework */,
			);
			name = Frameworks;
			sourceTree = "<group>";
		};
		4CB108AC190FF6440085C747 /* Bomb Blocks */ = {
			isa = PBXGroup;
			children = (
				4CB108B5190FF6440085C747 /* MKAppDelegate.h */,
				4CB108B6190FF6440085C747 /* MKAppDelegate.m */,
				4CB108BB190FF6440085C747 /* Images.xcassets */,
				4CB108B8190FF6440085C747 /* TwoSnakes.xcdatamodeld */,
				4CB108AD190FF6440085C747 /* Supporting Files */,
			);
			name = "Bomb Blocks";
			path = TwoSnakes;
			sourceTree = "<group>";
		};
		4CB108AD190FF6440085C747 /* Supporting Files */ = {
			isa = PBXGroup;
			children = (
				4C967D6C19BEDE8500B2A44F /* introBomb102@2x.png */,
				4C724D8D19B6E522003DA879 /* gamecenter70@2x.png */,
				4CA26E1519B45622002A40AA /* playButton@2x.png */,
				4CC294F719B3124800032D7A /* facebook40@2x.png */,
				4CC294F219B3111200032D7A /* twitter40@2x.png */,
				4CC2CE1419AAEF6900C6A46F /* replayButton@2x.png */,
				4CC2CE0419AAE10900C6A46F /* gamecenter@2x.png */,
				4CC2CDFE19AACDDF00C6A46F /* Background@2x.png */,
				4C8585B11925FF200096F75B /* Reachability.m */,
				4C8585B21925FF200096F75B /* Reachability.h */,
				4CB108AE190FF6440085C747 /* Bomb Blocks-Info.plist */,
				4CB108AF190FF6440085C747 /* InfoPlist.strings */,
				4CB108B2190FF6440085C747 /* main.m */,
				4CB108B4190FF6440085C747 /* Bomb Blocks-Prefix.pch */,
				4C967D6519BECB5A00B2A44F /* Localizable.strings */,
			);
			name = "Supporting Files";
			sourceTree = "<group>";
		};
		4CB108C9190FF6440085C747 /* TwoSnakesTests */ = {
			isa = PBXGroup;
			children = (
				4CB108CF190FF6440085C747 /* TwoSnakesTests.m */,
				4CB108CA190FF6440085C747 /* Supporting Files */,
			);
			path = TwoSnakesTests;
			sourceTree = "<group>";
		};
		4CB108CA190FF6440085C747 /* Supporting Files */ = {
			isa = PBXGroup;
			children = (
				4CB108CB190FF6440085C747 /* Bomb BlocksTests-Info.plist */,
				4CB108CC190FF6440085C747 /* InfoPlist.strings */,
			);
			name = "Supporting Files";
			sourceTree = "<group>";
		};
/* End PBXGroup section */

/* Begin PBXNativeTarget section */
		4CB108A0190FF6440085C747 /* Bomb Blocks */ = {
			isa = PBXNativeTarget;
			buildConfigurationList = 4CB108D3190FF6450085C747 /* Build configuration list for PBXNativeTarget "Bomb Blocks" */;
			buildPhases = (
				4CB1089D190FF6440085C747 /* Sources */,
				4CB1089E190FF6440085C747 /* Frameworks */,
				4CB1089F190FF6440085C747 /* Resources */,
			);
			buildRules = (
			);
			dependencies = (
			);
			name = "Bomb Blocks";
			productName = TwoSnakes;
			productReference = 4CB108A1190FF6440085C747 /* Bomb Blocks.app */;
			productType = "com.apple.product-type.application";
		};
		4CB108C0190FF6440085C747 /* Bomb BlocksTests */ = {
			isa = PBXNativeTarget;
			buildConfigurationList = 4CB108D6190FF6450085C747 /* Build configuration list for PBXNativeTarget "Bomb BlocksTests" */;
			buildPhases = (
				4CB108BD190FF6440085C747 /* Sources */,
				4CB108BE190FF6440085C747 /* Frameworks */,
				4CB108BF190FF6440085C747 /* Resources */,
			);
			buildRules = (
			);
			dependencies = (
				4CB108C8190FF6440085C747 /* PBXTargetDependency */,
			);
			name = "Bomb BlocksTests";
			productName = TwoSnakesTests;
			productReference = 4CB108C1190FF6440085C747 /* Bomb BlocksTests.xctest */;
			productType = "com.apple.product-type.bundle.unit-test";
		};
/* End PBXNativeTarget section */

/* Begin PBXProject section */
		4CB10899190FF6440085C747 /* Project object */ = {
			isa = PBXProject;
			attributes = {
				CLASSPREFIX = MK;
				LastUpgradeCheck = 0510;
				ORGANIZATIONNAME = MarriageKiller;
				TargetAttributes = {
					4CB108C0190FF6440085C747 = {
						TestTargetID = 4CB108A0190FF6440085C747;
					};
				};
			};
			buildConfigurationList = 4CB1089C190FF6440085C747 /* Build configuration list for PBXProject "Bomb Blocks" */;
			compatibilityVersion = "Xcode 3.2";
			developmentRegion = English;
			hasScannedForEncodings = 0;
			knownRegions = (
				en,
				"zh-Hant",
				"zh-Hans",
			);
			mainGroup = 4CB10898190FF6440085C747;
			productRefGroup = 4CB108A2190FF6440085C747 /* Products */;
			projectDirPath = "";
			projectRoot = "";
			targets = (
				4CB108A0190FF6440085C747 /* Bomb Blocks */,
				4CB108C0190FF6440085C747 /* Bomb BlocksTests */,
			);
		};
/* End PBXProject section */

/* Begin PBXResourcesBuildPhase section */
		4CB1089F190FF6440085C747 /* Resources */ = {
			isa = PBXResourcesBuildPhase;
			buildActionMask = 2147483647;
			files = (
				4C2866E119986F52009651B4 /* red@2x.png in Resources */,
				4CAE114919B5B53C00D2608E /* move.mp3 in Resources */,
				4CC2950B19B358B000032D7A /* OrangeParticle.sks in Resources */,
				4C50EEA419A1DBF300C5DA41 /* bomb_yellow@2x.png in Resources */,
				4CC2950019B3585100032D7A /* bomb_orange@2x.png in Resources */,
				4C5C1E0419B8A91A009BF2D3 /* explode.mp3 in Resources */,
				4CA47C0A19AE121000E832DF /* red_2@2x.png in Resources */,
				4C87C37F19A6F94E007EA190 /* swapTime@2x.png in Resources */,
				4C5C1DEC19B8054C009BF2D3 /* swipeGesture160@2x.png in Resources */,
				4C70B6D3197F8C480024F9DF /* GreyParticle.sks in Resources */,
				4C6C2BCB19B20F5B00ABE726 /* grey@2x.png in Resources */,
				4C50EEA219A1DBF300C5DA41 /* bomb_green@2x.png in Resources */,
				4C724D8519B6BC4B003DA879 /* back70@2x.png in Resources */,
				4CC2950219B3585C00032D7A /* orange_2@2x.png in Resources */,
				4C6C2BC419B20EBD00ABE726 /* explodeVertical@2x.png in Resources */,
				4C2866DF19986F52009651B4 /* yellow@2x.png in Resources */,
				4CC294F419B3111200032D7A /* twitter40@2x.png in Resources */,
				4CC2CE0519AAE10900C6A46F /* gamecenter@2x.png in Resources */,
				4CAE113519B55EA900D2608E /* CHANGELOG.md in Resources */,
				4C5C1E0019B84F21009BF2D3 /* tutorialBomb140@2x.png in Resources */,
				4CA469F6199B9E4600ED0AB8 /* go_green@2x.png in Resources */,
				4C6C2BC519B20EBD00ABE726 /* squareExplode@2x.png in Resources */,
				4CC2CDFF19AACDDF00C6A46F /* Background@2x.png in Resources */,
				4C724D8E19B6E522003DA879 /* gamecenter70@2x.png in Resources */,
				4C967D6F19BEDEF800B2A44F /* BBBIcon120@2x.png in Resources */,
				4C724D7719B6AF7D003DA879 /* musicOff90@2x.png in Resources */,
				4C2866EB199872AB009651B4 /* particle_green.png in Resources */,
				4C2866E7199872AB009651B4 /* particle_blue.png in Resources */,
				4C967D5B19BEBF3400B2A44F /* playButtonSound.mp3 in Resources */,
				4CA47C0919AE121000E832DF /* blue_2@2x.png in Resources */,
				4C85859B1925A1990096F75B /* MenuController.xib in Resources */,
				4C967D4E19BE911C00B2A44F /* cool-business-model.mp3 in Resources */,
				4C967D5119BE911C00B2A44F /* cool-rain.mp3 in Resources */,
				4C967D5919BEB09D00B2A44F /* explodeColor.mp3 in Resources */,
				4CA469F7199B9E4600ED0AB8 /* go_red@2x.png in Resources */,
				4C2866E019986F52009651B4 /* green@2x.png in Resources */,
				4C967D4C19BE911C00B2A44F /* easy-living.mp3 in Resources */,
				4C5C1E1A19B8B928009BF2D3 /* break.mp3 in Resources */,
				4C5C1DF619B83F56009BF2D3 /* tutorialCreateBomb160@2x.png in Resources */,
				4C967D4F19BE911C00B2A44F /* goodbye-dream.mp3 in Resources */,
				4C50EEA119A1DBF300C5DA41 /* bomb_blue@2x.png in Resources */,
				4C967D5019BE911C00B2A44F /* flying-forward.mp3 in Resources */,
				4C5C1DE819B74FBE009BF2D3 /* tutorial90@2x.png in Resources */,
				4C50EEA319A1DBF300C5DA41 /* bomb_red@2x.png in Resources */,
				4CA26E1619B45622002A40AA /* playButton@2x.png in Resources */,
				4CA0A9DE1997C2C00020D1F9 /* YellowParticle.sks in Resources */,
				4C5C1E1819B8AF89009BF2D3 /* introMove.mp3 in Resources */,
				4CA47C0819AE121000E832DF /* yellow_2@2x.png in Resources */,
				4CA469F5199B9E4600ED0AB8 /* go_blue@2x.png in Resources */,
				4CC2CE1519AAEF6900C6A46F /* replayButton@2x.png in Resources */,
				4C724D8A19B6DA7E003DA879 /* gameover.wav in Resources */,
				4C724D7E19B6B3DD003DA879 /* soundOn90@2x.png in Resources */,
				4CC2950619B3587000032D7A /* go_orange@2x.png in Resources */,
				4CC2950819B3587D00032D7A /* particle_orange@.png in Resources */,
				4CB108B1190FF6440085C747 /* InfoPlist.strings in Resources */,
				4C87C37A19A6F51B007EA190 /* freezeTime@2x.png in Resources */,
				4C6C2BD719B2143200ABE726 /* go_grey@2x.png in Resources */,
				4C6C2BCF19B20FA800ABE726 /* particle_grey.png in Resources */,
				4CAE113719B55EA900D2608E /* README.md in Resources */,
				4C967D6319BECB5A00B2A44F /* Localizable.strings in Resources */,
				4CC2950419B3586500032D7A /* orange@2x.png in Resources */,
				4C8541A51946A8B300810CE4 /* README.txt in Resources */,
				4CC294F819B3124800032D7A /* facebook40@2x.png in Resources */,
				4C724D8719B6D739003DA879 /* button.mp3 in Resources */,
				4CAE114519B5AB5500D2608E /* explodeSquare.mp3 in Resources */,
				4C2866EA199872AB009651B4 /* particle_red.png in Resources */,
				4C2866DD19986F52009651B4 /* blue@2x.png in Resources */,
				4C724D7F19B6B3DD003DA879 /* musicOn90@2x.png in Resources */,
				4C724D7D19B6B3DD003DA879 /* rating90@2x.png in Resources */,
				4CAE114719B5B39F00D2608E /* combo.mp3 in Resources */,
				4C6C2BC319B20EBD00ABE726 /* explodeHorizontal@2x.png in Resources */,
				4C967D5319BEA80A00B2A44F /* setting70@2x.png in Resources */,
				4C5C1DF219B8110B009BF2D3 /* tutorialBomb160@2x.png in Resources */,
				4C70B6D5197F8C5D0024F9DF /* GreenParticle.sks in Resources */,
				4CB108BC190FF6440085C747 /* Images.xcassets in Resources */,
				4C967D4D19BE911C00B2A44F /* cool-space-flight.mp3 in Resources */,
				4C5C1E0A19B8AC10009BF2D3 /* tutorialCombo140@2x.png in Resources */,
				4C87C37D19A6F82F007EA190 /* explode@2x.png in Resources */,
				4C2866E9199872AB009651B4 /* particle_yellow.png in Resources */,
				4C6C2BC919B20F4700ABE726 /* grey_2@2x.png in Resources */,
				4C5C1DFE19B84D4E009BF2D3 /* tutorialSwipe140@2x.png in Resources */,
				4C967D6D19BEDE8500B2A44F /* introBomb102@2x.png in Resources */,
				4CA0E59319764CD2008B2E71 /* BlueParticle.sks in Resources */,
				4C5C1DF919B84C6B009BF2D3 /* tutorialCreateBomb140@2x.png in Resources */,
				4C6C2BC719B20F2700ABE726 /* bomb_grey@2x.png in Resources */,
				4C5C1DF019B80EFB009BF2D3 /* tutorialCombo160@2x.png in Resources */,
				4CA47C0B19AE121000E832DF /* green_2@2x.png in Resources */,
				4CA469F8199B9E4600ED0AB8 /* go_yellow@2x.png in Resources */,
				4CA0A9DB1997C2A70020D1F9 /* RedParticle.sks in Resources */,
				4C724D7819B6AF7D003DA879 /* soundOff90@2x.png in Resources */,
			);
			runOnlyForDeploymentPostprocessing = 0;
		};
		4CB108BF190FF6440085C747 /* Resources */ = {
			isa = PBXResourcesBuildPhase;
			buildActionMask = 2147483647;
			files = (
				4CB108CE190FF6440085C747 /* InfoPlist.strings in Resources */,
			);
			runOnlyForDeploymentPostprocessing = 0;
		};
/* End PBXResourcesBuildPhase section */

/* Begin PBXSourcesBuildPhase section */
		4CB1089D190FF6440085C747 /* Sources */ = {
			isa = PBXSourcesBuildPhase;
			buildActionMask = 2147483647;
			files = (
				4C8585B31925FF200096F75B /* Reachability.m in Sources */,
				4C7F13571911F36D00565A01 /* Snake.m in Sources */,
				4CB108B7190FF6440085C747 /* MKAppDelegate.m in Sources */,
				4CD0E0A219B42268002D9FBC /* ScoreObject.m in Sources */,
				4C87C38A19A7192F007EA190 /* CustomLabel.m in Sources */,
				4C85859A1925A1990096F75B /* MenuController.m in Sources */,
				4CAA5DF21929AB9100049F52 /* SocialShare.m in Sources */,
				4CE343B31957D6C00032E674 /* ParticleView.m in Sources */,
				4C78A081192DDABB003F9ABE /* GameAsset.m in Sources */,
				4CB108B3190FF6440085C747 /* main.m in Sources */,
				4CB108BA190FF6440085C747 /* TwoSnakes.xcdatamodeld in Sources */,
				4CDBB7201920A22900D8A9B4 /* GCHelper.m in Sources */,
				4CD7836A19B614F500EFF33F /* GameStatsViewController.m in Sources */,
				4CAA5DEA1929998000049F52 /* GamePad.m in Sources */,
				4CA0E5E31977A405008B2E71 /* SnakeNode.m in Sources */,
				4C78A07A192DA14D003F9ABE /* ClassicGameController.m in Sources */,
			);
			runOnlyForDeploymentPostprocessing = 0;
		};
		4CB108BD190FF6440085C747 /* Sources */ = {
			isa = PBXSourcesBuildPhase;
			buildActionMask = 2147483647;
			files = (
				4CB108D0190FF6440085C747 /* TwoSnakesTests.m in Sources */,
			);
			runOnlyForDeploymentPostprocessing = 0;
		};
/* End PBXSourcesBuildPhase section */

/* Begin PBXTargetDependency section */
		4CB108C8190FF6440085C747 /* PBXTargetDependency */ = {
			isa = PBXTargetDependency;
			target = 4CB108A0190FF6440085C747 /* Bomb Blocks */;
			targetProxy = 4CB108C7190FF6440085C747 /* PBXContainerItemProxy */;
		};
/* End PBXTargetDependency section */

/* Begin PBXVariantGroup section */
		4C967D6519BECB5A00B2A44F /* Localizable.strings */ = {
			isa = PBXVariantGroup;
			children = (
				4C967D6419BECB5A00B2A44F /* en */,
				4C967D6619BECB6000B2A44F /* zh-Hant */,
				4C967D6719BECB6100B2A44F /* zh-Hans */,
			);
			name = Localizable.strings;
			sourceTree = "<group>";
		};
		4CB108AF190FF6440085C747 /* InfoPlist.strings */ = {
			isa = PBXVariantGroup;
			children = (
				4CB108B0190FF6440085C747 /* en */,
				4C967D5C19BEC74E00B2A44F /* zh-Hant */,
				4C967D5E19BEC9F600B2A44F /* zh-Hans */,
			);
			name = InfoPlist.strings;
			sourceTree = "<group>";
		};
		4CB108CC190FF6440085C747 /* InfoPlist.strings */ = {
			isa = PBXVariantGroup;
			children = (
				4CB108CD190FF6440085C747 /* en */,
				4C967D5D19BEC74E00B2A44F /* zh-Hant */,
				4C967D5F19BEC9F600B2A44F /* zh-Hans */,
			);
			name = InfoPlist.strings;
			sourceTree = "<group>";
		};
/* End PBXVariantGroup section */

/* Begin XCBuildConfiguration section */
		4CB108D1190FF6450085C747 /* Debug */ = {
			isa = XCBuildConfiguration;
			buildSettings = {
				ALWAYS_SEARCH_USER_PATHS = NO;
				CLANG_CXX_LANGUAGE_STANDARD = "gnu++0x";
				CLANG_CXX_LIBRARY = "libc++";
				CLANG_ENABLE_MODULES = YES;
				CLANG_ENABLE_OBJC_ARC = YES;
				CLANG_WARN_BOOL_CONVERSION = YES;
				CLANG_WARN_CONSTANT_CONVERSION = YES;
				CLANG_WARN_DIRECT_OBJC_ISA_USAGE = YES_ERROR;
				CLANG_WARN_EMPTY_BODY = YES;
				CLANG_WARN_ENUM_CONVERSION = YES;
				CLANG_WARN_INT_CONVERSION = YES;
				CLANG_WARN_OBJC_ROOT_CLASS = YES_ERROR;
				CLANG_WARN__DUPLICATE_METHOD_MATCH = YES;
				"CODE_SIGN_IDENTITY[sdk=iphoneos*]" = "iPhone Developer";
				COPY_PHASE_STRIP = NO;
				GCC_C_LANGUAGE_STANDARD = gnu99;
				GCC_DYNAMIC_NO_PIC = NO;
				GCC_OPTIMIZATION_LEVEL = 0;
				GCC_PREPROCESSOR_DEFINITIONS = (
					"DEBUG=1",
					"$(inherited)",
				);
				GCC_SYMBOLS_PRIVATE_EXTERN = NO;
				GCC_WARN_64_TO_32_BIT_CONVERSION = YES;
				GCC_WARN_ABOUT_RETURN_TYPE = YES_ERROR;
				GCC_WARN_UNDECLARED_SELECTOR = YES;
				GCC_WARN_UNINITIALIZED_AUTOS = YES_AGGRESSIVE;
				GCC_WARN_UNUSED_FUNCTION = YES;
				GCC_WARN_UNUSED_VARIABLE = YES;
				IPHONEOS_DEPLOYMENT_TARGET = 7.1;
				ONLY_ACTIVE_ARCH = YES;
				SDKROOT = iphoneos;
			};
			name = Debug;
		};
		4CB108D2190FF6450085C747 /* Release */ = {
			isa = XCBuildConfiguration;
			buildSettings = {
				ALWAYS_SEARCH_USER_PATHS = NO;
				CLANG_CXX_LANGUAGE_STANDARD = "gnu++0x";
				CLANG_CXX_LIBRARY = "libc++";
				CLANG_ENABLE_MODULES = YES;
				CLANG_ENABLE_OBJC_ARC = YES;
				CLANG_WARN_BOOL_CONVERSION = YES;
				CLANG_WARN_CONSTANT_CONVERSION = YES;
				CLANG_WARN_DIRECT_OBJC_ISA_USAGE = YES_ERROR;
				CLANG_WARN_EMPTY_BODY = YES;
				CLANG_WARN_ENUM_CONVERSION = YES;
				CLANG_WARN_INT_CONVERSION = YES;
				CLANG_WARN_OBJC_ROOT_CLASS = YES_ERROR;
				CLANG_WARN__DUPLICATE_METHOD_MATCH = YES;
				"CODE_SIGN_IDENTITY[sdk=iphoneos*]" = "iPhone Developer";
				COPY_PHASE_STRIP = YES;
				ENABLE_NS_ASSERTIONS = NO;
				GCC_C_LANGUAGE_STANDARD = gnu99;
				GCC_WARN_64_TO_32_BIT_CONVERSION = YES;
				GCC_WARN_ABOUT_RETURN_TYPE = YES_ERROR;
				GCC_WARN_UNDECLARED_SELECTOR = YES;
				GCC_WARN_UNINITIALIZED_AUTOS = YES_AGGRESSIVE;
				GCC_WARN_UNUSED_FUNCTION = YES;
				GCC_WARN_UNUSED_VARIABLE = YES;
				IPHONEOS_DEPLOYMENT_TARGET = 7.1;
				SDKROOT = iphoneos;
				VALIDATE_PRODUCT = YES;
			};
			name = Release;
		};
		4CB108D4190FF6450085C747 /* Debug */ = {
			isa = XCBuildConfiguration;
			buildSettings = {
				ASSETCATALOG_COMPILER_LAUNCHIMAGE_NAME = LaunchImage;
				GCC_PRECOMPILE_PREFIX_HEADER = YES;
				GCC_PREFIX_HEADER = "TwoSnakes/Bomb Blocks-Prefix.pch";
				INFOPLIST_FILE = "TwoSnakes/Bomb Blocks-Info.plist";
				LIBRARY_SEARCH_PATHS = (
					"$(inherited)",
					"$(PROJECT_DIR)/TwoSnakes",
					"$(PROJECT_DIR)/Chartboost",
				);
				OTHER_LDFLAGS = "-ObjC";
				PRODUCT_NAME = "Bomb Blocks";
				WRAPPER_EXTENSION = app;
			};
			name = Debug;
		};
		4CB108D5190FF6450085C747 /* Release */ = {
			isa = XCBuildConfiguration;
			buildSettings = {
				ASSETCATALOG_COMPILER_LAUNCHIMAGE_NAME = LaunchImage;
				GCC_PRECOMPILE_PREFIX_HEADER = YES;
				GCC_PREFIX_HEADER = "TwoSnakes/Bomb Blocks-Prefix.pch";
				INFOPLIST_FILE = "TwoSnakes/Bomb Blocks-Info.plist";
				LIBRARY_SEARCH_PATHS = (
					"$(inherited)",
					"$(PROJECT_DIR)/TwoSnakes",
					"$(PROJECT_DIR)/Chartboost",
				);
				OTHER_LDFLAGS = "-ObjC";
				PRODUCT_NAME = "Bomb Blocks";
				WRAPPER_EXTENSION = app;
			};
			name = Release;
		};
		4CB108D7190FF6450085C747 /* Debug */ = {
			isa = XCBuildConfiguration;
			buildSettings = {
				BUNDLE_LOADER = "$(BUILT_PRODUCTS_DIR)/TwoSnakes.app/TwoSnakes";
				FRAMEWORK_SEARCH_PATHS = (
					"$(SDKROOT)/Developer/Library/Frameworks",
					"$(inherited)",
					"$(DEVELOPER_FRAMEWORKS_DIR)",
				);
				GCC_PRECOMPILE_PREFIX_HEADER = YES;
				GCC_PREFIX_HEADER = "TwoSnakes/TwoSnakes-Prefix.pch";
				GCC_PREPROCESSOR_DEFINITIONS = (
					"DEBUG=1",
					"$(inherited)",
				);
				INFOPLIST_FILE = "TwoSnakesTests/Bomb BlocksTests-Info.plist";
				PRODUCT_NAME = "Bomb BlocksTests";
				TEST_HOST = "$(BUNDLE_LOADER)";
				WRAPPER_EXTENSION = xctest;
			};
			name = Debug;
		};
		4CB108D8190FF6450085C747 /* Release */ = {
			isa = XCBuildConfiguration;
			buildSettings = {
				BUNDLE_LOADER = "$(BUILT_PRODUCTS_DIR)/TwoSnakes.app/TwoSnakes";
				FRAMEWORK_SEARCH_PATHS = (
					"$(SDKROOT)/Developer/Library/Frameworks",
					"$(inherited)",
					"$(DEVELOPER_FRAMEWORKS_DIR)",
				);
				GCC_PRECOMPILE_PREFIX_HEADER = YES;
				GCC_PREFIX_HEADER = "TwoSnakes/TwoSnakes-Prefix.pch";
				INFOPLIST_FILE = "TwoSnakesTests/Bomb BlocksTests-Info.plist";
				PRODUCT_NAME = "Bomb BlocksTests";
				TEST_HOST = "$(BUNDLE_LOADER)";
				WRAPPER_EXTENSION = xctest;
			};
			name = Release;
		};
/* End XCBuildConfiguration section */

/* Begin XCConfigurationList section */
		4CB1089C190FF6440085C747 /* Build configuration list for PBXProject "Bomb Blocks" */ = {
			isa = XCConfigurationList;
			buildConfigurations = (
				4CB108D1190FF6450085C747 /* Debug */,
				4CB108D2190FF6450085C747 /* Release */,
			);
			defaultConfigurationIsVisible = 0;
			defaultConfigurationName = Release;
		};
		4CB108D3190FF6450085C747 /* Build configuration list for PBXNativeTarget "Bomb Blocks" */ = {
			isa = XCConfigurationList;
			buildConfigurations = (
				4CB108D4190FF6450085C747 /* Debug */,
				4CB108D5190FF6450085C747 /* Release */,
			);
			defaultConfigurationIsVisible = 0;
			defaultConfigurationName = Release;
		};
		4CB108D6190FF6450085C747 /* Build configuration list for PBXNativeTarget "Bomb BlocksTests" */ = {
			isa = XCConfigurationList;
			buildConfigurations = (
				4CB108D7190FF6450085C747 /* Debug */,
				4CB108D8190FF6450085C747 /* Release */,
			);
			defaultConfigurationIsVisible = 0;
			defaultConfigurationName = Release;
		};
/* End XCConfigurationList section */

/* Begin XCVersionGroup section */
		4CB108B8190FF6440085C747 /* TwoSnakes.xcdatamodeld */ = {
			isa = XCVersionGroup;
			children = (
				4CB108B9190FF6440085C747 /* TwoSnakes.xcdatamodel */,
			);
			currentVersion = 4CB108B9190FF6440085C747 /* TwoSnakes.xcdatamodel */;
			path = TwoSnakes.xcdatamodeld;
			sourceTree = "<group>";
			versionGroupType = wrapper.xcdatamodel;
		};
/* End XCVersionGroup section */
	};
	rootObject = 4CB10899190FF6440085C747 /* Project object */;
}
