// !$*UTF8*$!
{
	archiveVersion = 1;
	classes = {
	};
	objectVersion = 46;
	objects = {

/* Begin PBXBuildFile section */
		4C1828501929AE2300CB295F /* MenuButton.m in Sources */ = {isa = PBXBuildFile; fileRef = 4C18284F1929AE2300CB295F /* MenuButton.m */; };
		4C1828531929CBAA00CB295F /* SnakeSkill.m in Sources */ = {isa = PBXBuildFile; fileRef = 4C1828521929CBAA00CB295F /* SnakeSkill.m */; };
		4C1828591929CEF600CB295F /* SnakeSkillType.m in Sources */ = {isa = PBXBuildFile; fileRef = 4C1828581929CEF600CB295F /* SnakeSkillType.m */; };
		4C18285C1929D1A400CB295F /* SnakeSkillTree.m in Sources */ = {isa = PBXBuildFile; fileRef = 4C18285B1929D1A400CB295F /* SnakeSkillTree.m */; };
		4C18285F1929E3D000CB295F /* SnakeBody.m in Sources */ = {isa = PBXBuildFile; fileRef = 4C18285E1929E3D000CB295F /* SnakeBody.m */; };
		4C1828691929F4F700CB295F /* TestBoss.m in Sources */ = {isa = PBXBuildFile; fileRef = 4C1828681929F4F700CB295F /* TestBoss.m */; };
		4C67DD3F1919E45E00666A2D /* SnakeButton.m in Sources */ = {isa = PBXBuildFile; fileRef = 4C67DD3E1919E45E00666A2D /* SnakeButton.m */; };
		4C7D4D2B192AF587005486A6 /* SnakeSkillName.m in Sources */ = {isa = PBXBuildFile; fileRef = 4C7D4D2A192AF587005486A6 /* SnakeSkillName.m */; };
		4C7D4D2E192B153A005486A6 /* BaseStats.m in Sources */ = {isa = PBXBuildFile; fileRef = 4C7D4D2D192B153A005486A6 /* BaseStats.m */; };
		4C7D4D31192B159A005486A6 /* EnemyType.m in Sources */ = {isa = PBXBuildFile; fileRef = 4C7D4D30192B159A005486A6 /* EnemyType.m */; };
		4C7D4D34192B15E6005486A6 /* SnakeType.m in Sources */ = {isa = PBXBuildFile; fileRef = 4C7D4D33192B15E6005486A6 /* SnakeType.m */; };
		4C7F13571911F36D00565A01 /* Snake.m in Sources */ = {isa = PBXBuildFile; fileRef = 4C7F13561911F36D00565A01 /* Snake.m */; };
		4C85859A1925A1990096F75B /* MenuController.m in Sources */ = {isa = PBXBuildFile; fileRef = 4C8585981925A1990096F75B /* MenuController.m */; };
		4C85859B1925A1990096F75B /* MenuController.xib in Resources */ = {isa = PBXBuildFile; fileRef = 4C8585991925A1990096F75B /* MenuController.xib */; };
		4C8585A41925DEAA0096F75B /* GameRecordController.m in Sources */ = {isa = PBXBuildFile; fileRef = 4C8585A21925DEAA0096F75B /* GameRecordController.m */; };
		4C8585A51925DEAA0096F75B /* GameRecordController.xib in Resources */ = {isa = PBXBuildFile; fileRef = 4C8585A31925DEAA0096F75B /* GameRecordController.xib */; };
		4C8585AB1925EA7B0096F75B /* CircleLabel.m in Sources */ = {isa = PBXBuildFile; fileRef = 4C8585AA1925EA7B0096F75B /* CircleLabel.m */; };
		4C8585AD1925FB150096F75B /* twitter40@2x.png in Resources */ = {isa = PBXBuildFile; fileRef = 4C8585AC1925FB150096F75B /* twitter40@2x.png */; };
		4C8585AF1925FB270096F75B /* faceboo40@2x.png in Resources */ = {isa = PBXBuildFile; fileRef = 4C8585AE1925FB270096F75B /* faceboo40@2x.png */; };
		4C8585B31925FF200096F75B /* Reachability.m in Sources */ = {isa = PBXBuildFile; fileRef = 4C8585B11925FF200096F75B /* Reachability.m */; };
		4CAA5DEA1929998000049F52 /* GamePad.m in Sources */ = {isa = PBXBuildFile; fileRef = 4CAA5DE91929998000049F52 /* GamePad.m */; };
		4CAA5DEE1929A0F900049F52 /* GameSceneController.m in Sources */ = {isa = PBXBuildFile; fileRef = 4CAA5DED1929A0F900049F52 /* GameSceneController.m */; };
		4CAA5DF21929AB9100049F52 /* SocialShare.m in Sources */ = {isa = PBXBuildFile; fileRef = 4CAA5DF11929AB9100049F52 /* SocialShare.m */; };
		4CB108A5190FF6440085C747 /* Foundation.framework in Frameworks */ = {isa = PBXBuildFile; fileRef = 4CB108A4190FF6440085C747 /* Foundation.framework */; };
		4CB108A7190FF6440085C747 /* CoreGraphics.framework in Frameworks */ = {isa = PBXBuildFile; fileRef = 4CB108A6190FF6440085C747 /* CoreGraphics.framework */; };
		4CB108A9190FF6440085C747 /* UIKit.framework in Frameworks */ = {isa = PBXBuildFile; fileRef = 4CB108A8190FF6440085C747 /* UIKit.framework */; };
		4CB108AB190FF6440085C747 /* CoreData.framework in Frameworks */ = {isa = PBXBuildFile; fileRef = 4CB108AA190FF6440085C747 /* CoreData.framework */; };
		4CB108B1190FF6440085C747 /* InfoPlist.strings in Resources */ = {isa = PBXBuildFile; fileRef = 4CB108AF190FF6440085C747 /* InfoPlist.strings */; };
		4CB108B3190FF6440085C747 /* main.m in Sources */ = {isa = PBXBuildFile; fileRef = 4CB108B2190FF6440085C747 /* main.m */; };
		4CB108B7190FF6440085C747 /* MKAppDelegate.m in Sources */ = {isa = PBXBuildFile; fileRef = 4CB108B6190FF6440085C747 /* MKAppDelegate.m */; };
		4CB108BA190FF6440085C747 /* TwoSnakes.xcdatamodeld in Sources */ = {isa = PBXBuildFile; fileRef = 4CB108B8190FF6440085C747 /* TwoSnakes.xcdatamodeld */; };
		4CB108BC190FF6440085C747 /* Images.xcassets in Resources */ = {isa = PBXBuildFile; fileRef = 4CB108BB190FF6440085C747 /* Images.xcassets */; };
		4CB108C3190FF6440085C747 /* XCTest.framework in Frameworks */ = {isa = PBXBuildFile; fileRef = 4CB108C2190FF6440085C747 /* XCTest.framework */; };
		4CB108C4190FF6440085C747 /* Foundation.framework in Frameworks */ = {isa = PBXBuildFile; fileRef = 4CB108A4190FF6440085C747 /* Foundation.framework */; };
		4CB108C5190FF6440085C747 /* UIKit.framework in Frameworks */ = {isa = PBXBuildFile; fileRef = 4CB108A8190FF6440085C747 /* UIKit.framework */; };
		4CB108C6190FF6440085C747 /* CoreData.framework in Frameworks */ = {isa = PBXBuildFile; fileRef = 4CB108AA190FF6440085C747 /* CoreData.framework */; };
		4CB108CE190FF6440085C747 /* InfoPlist.strings in Resources */ = {isa = PBXBuildFile; fileRef = 4CB108CC190FF6440085C747 /* InfoPlist.strings */; };
		4CB108D0190FF6440085C747 /* TwoSnakesTests.m in Sources */ = {isa = PBXBuildFile; fileRef = 4CB108CF190FF6440085C747 /* TwoSnakesTests.m */; };
		4CC0560E1913895600BB70E2 /* SnakeDot.m in Sources */ = {isa = PBXBuildFile; fileRef = 4CC0560D1913895600BB70E2 /* SnakeDot.m */; };
		4CDBB71D1920A00900D8A9B4 /* Social.framework in Frameworks */ = {isa = PBXBuildFile; fileRef = 4CDBB71C1920A00900D8A9B4 /* Social.framework */; };
		4CDBB7201920A22900D8A9B4 /* GCHelper.m in Sources */ = {isa = PBXBuildFile; fileRef = 4CDBB71F1920A22900D8A9B4 /* GCHelper.m */; };
/* End PBXBuildFile section */

/* Begin PBXContainerItemProxy section */
		4CB108C7190FF6440085C747 /* PBXContainerItemProxy */ = {
			isa = PBXContainerItemProxy;
			containerPortal = 4CB10899190FF6440085C747 /* Project object */;
			proxyType = 1;
			remoteGlobalIDString = 4CB108A0190FF6440085C747;
			remoteInfo = TwoSnakes;
		};
/* End PBXContainerItemProxy section */

/* Begin PBXFileReference section */
		4C18284E1929AE2300CB295F /* MenuButton.h */ = {isa = PBXFileReference; fileEncoding = 4; lastKnownFileType = sourcecode.c.h; path = MenuButton.h; sourceTree = "<group>"; };
		4C18284F1929AE2300CB295F /* MenuButton.m */ = {isa = PBXFileReference; fileEncoding = 4; lastKnownFileType = sourcecode.c.objc; path = MenuButton.m; sourceTree = "<group>"; };
		4C1828511929CBAA00CB295F /* SnakeSkill.h */ = {isa = PBXFileReference; fileEncoding = 4; lastKnownFileType = sourcecode.c.h; path = SnakeSkill.h; sourceTree = "<group>"; };
		4C1828521929CBAA00CB295F /* SnakeSkill.m */ = {isa = PBXFileReference; fileEncoding = 4; lastKnownFileType = sourcecode.c.objc; path = SnakeSkill.m; sourceTree = "<group>"; };
		4C1828571929CEF600CB295F /* SnakeSkillType.h */ = {isa = PBXFileReference; fileEncoding = 4; lastKnownFileType = sourcecode.c.h; path = SnakeSkillType.h; sourceTree = "<group>"; };
		4C1828581929CEF600CB295F /* SnakeSkillType.m */ = {isa = PBXFileReference; fileEncoding = 4; lastKnownFileType = sourcecode.c.objc; path = SnakeSkillType.m; sourceTree = "<group>"; };
		4C18285A1929D1A400CB295F /* SnakeSkillTree.h */ = {isa = PBXFileReference; fileEncoding = 4; lastKnownFileType = sourcecode.c.h; path = SnakeSkillTree.h; sourceTree = "<group>"; };
		4C18285B1929D1A400CB295F /* SnakeSkillTree.m */ = {isa = PBXFileReference; fileEncoding = 4; lastKnownFileType = sourcecode.c.objc; path = SnakeSkillTree.m; sourceTree = "<group>"; };
		4C18285D1929E3D000CB295F /* SnakeBody.h */ = {isa = PBXFileReference; fileEncoding = 4; lastKnownFileType = sourcecode.c.h; path = SnakeBody.h; sourceTree = "<group>"; };
		4C18285E1929E3D000CB295F /* SnakeBody.m */ = {isa = PBXFileReference; fileEncoding = 4; lastKnownFileType = sourcecode.c.objc; path = SnakeBody.m; sourceTree = "<group>"; };
		4C1828671929F4F700CB295F /* TestBoss.h */ = {isa = PBXFileReference; fileEncoding = 4; lastKnownFileType = sourcecode.c.h; path = TestBoss.h; sourceTree = "<group>"; };
		4C1828681929F4F700CB295F /* TestBoss.m */ = {isa = PBXFileReference; fileEncoding = 4; lastKnownFileType = sourcecode.c.objc; path = TestBoss.m; sourceTree = "<group>"; };
		4C67DD3D1919E45E00666A2D /* SnakeButton.h */ = {isa = PBXFileReference; fileEncoding = 4; lastKnownFileType = sourcecode.c.h; path = SnakeButton.h; sourceTree = "<group>"; };
		4C67DD3E1919E45E00666A2D /* SnakeButton.m */ = {isa = PBXFileReference; fileEncoding = 4; lastKnownFileType = sourcecode.c.objc; path = SnakeButton.m; sourceTree = "<group>"; };
		4C7D4D29192AF587005486A6 /* SnakeSkillName.h */ = {isa = PBXFileReference; fileEncoding = 4; lastKnownFileType = sourcecode.c.h; path = SnakeSkillName.h; sourceTree = "<group>"; };
		4C7D4D2A192AF587005486A6 /* SnakeSkillName.m */ = {isa = PBXFileReference; fileEncoding = 4; lastKnownFileType = sourcecode.c.objc; path = SnakeSkillName.m; sourceTree = "<group>"; };
		4C7D4D2C192B153A005486A6 /* BaseStats.h */ = {isa = PBXFileReference; fileEncoding = 4; lastKnownFileType = sourcecode.c.h; path = BaseStats.h; sourceTree = "<group>"; };
		4C7D4D2D192B153A005486A6 /* BaseStats.m */ = {isa = PBXFileReference; fileEncoding = 4; lastKnownFileType = sourcecode.c.objc; path = BaseStats.m; sourceTree = "<group>"; };
		4C7D4D2F192B159A005486A6 /* EnemyType.h */ = {isa = PBXFileReference; fileEncoding = 4; lastKnownFileType = sourcecode.c.h; path = EnemyType.h; sourceTree = "<group>"; };
		4C7D4D30192B159A005486A6 /* EnemyType.m */ = {isa = PBXFileReference; fileEncoding = 4; lastKnownFileType = sourcecode.c.objc; path = EnemyType.m; sourceTree = "<group>"; };
		4C7D4D32192B15E6005486A6 /* SnakeType.h */ = {isa = PBXFileReference; fileEncoding = 4; lastKnownFileType = sourcecode.c.h; path = SnakeType.h; sourceTree = "<group>"; };
		4C7D4D33192B15E6005486A6 /* SnakeType.m */ = {isa = PBXFileReference; fileEncoding = 4; lastKnownFileType = sourcecode.c.objc; path = SnakeType.m; sourceTree = "<group>"; };
		4C7F13551911F36D00565A01 /* Snake.h */ = {isa = PBXFileReference; fileEncoding = 4; lastKnownFileType = sourcecode.c.h; path = Snake.h; sourceTree = "<group>"; };
		4C7F13561911F36D00565A01 /* Snake.m */ = {isa = PBXFileReference; fileEncoding = 4; lastKnownFileType = sourcecode.c.objc; path = Snake.m; sourceTree = "<group>"; };
		4C8585971925A1990096F75B /* MenuController.h */ = {isa = PBXFileReference; fileEncoding = 4; lastKnownFileType = sourcecode.c.h; path = MenuController.h; sourceTree = "<group>"; };
		4C8585981925A1990096F75B /* MenuController.m */ = {isa = PBXFileReference; fileEncoding = 4; lastKnownFileType = sourcecode.c.objc; path = MenuController.m; sourceTree = "<group>"; };
		4C8585991925A1990096F75B /* MenuController.xib */ = {isa = PBXFileReference; fileEncoding = 4; lastKnownFileType = file.xib; path = MenuController.xib; sourceTree = "<group>"; };
		4C8585A11925DEAA0096F75B /* GameRecordController.h */ = {isa = PBXFileReference; fileEncoding = 4; lastKnownFileType = sourcecode.c.h; path = GameRecordController.h; sourceTree = "<group>"; };
		4C8585A21925DEAA0096F75B /* GameRecordController.m */ = {isa = PBXFileReference; fileEncoding = 4; lastKnownFileType = sourcecode.c.objc; path = GameRecordController.m; sourceTree = "<group>"; };
		4C8585A31925DEAA0096F75B /* GameRecordController.xib */ = {isa = PBXFileReference; fileEncoding = 4; lastKnownFileType = file.xib; path = GameRecordController.xib; sourceTree = "<group>"; };
		4C8585A91925EA7B0096F75B /* CircleLabel.h */ = {isa = PBXFileReference; fileEncoding = 4; lastKnownFileType = sourcecode.c.h; path = CircleLabel.h; sourceTree = "<group>"; };
		4C8585AA1925EA7B0096F75B /* CircleLabel.m */ = {isa = PBXFileReference; fileEncoding = 4; lastKnownFileType = sourcecode.c.objc; path = CircleLabel.m; sourceTree = "<group>"; };
		4C8585AC1925FB150096F75B /* twitter40@2x.png */ = {isa = PBXFileReference; lastKnownFileType = image.png; path = "twitter40@2x.png"; sourceTree = "<group>"; };
		4C8585AE1925FB270096F75B /* faceboo40@2x.png */ = {isa = PBXFileReference; lastKnownFileType = image.png; path = "faceboo40@2x.png"; sourceTree = "<group>"; };
		4C8585B11925FF200096F75B /* Reachability.m */ = {isa = PBXFileReference; fileEncoding = 4; lastKnownFileType = sourcecode.c.objc; path = Reachability.m; sourceTree = "<group>"; };
		4C8585B21925FF200096F75B /* Reachability.h */ = {isa = PBXFileReference; fileEncoding = 4; lastKnownFileType = sourcecode.c.h; path = Reachability.h; sourceTree = "<group>"; };
		4CAA5DE81929998000049F52 /* GamePad.h */ = {isa = PBXFileReference; fileEncoding = 4; lastKnownFileType = sourcecode.c.h; path = GamePad.h; sourceTree = "<group>"; };
		4CAA5DE91929998000049F52 /* GamePad.m */ = {isa = PBXFileReference; fileEncoding = 4; lastKnownFileType = sourcecode.c.objc; path = GamePad.m; sourceTree = "<group>"; };
		4CAA5DEC1929A0F900049F52 /* GameSceneController.h */ = {isa = PBXFileReference; fileEncoding = 4; lastKnownFileType = sourcecode.c.h; path = GameSceneController.h; sourceTree = "<group>"; };
		4CAA5DED1929A0F900049F52 /* GameSceneController.m */ = {isa = PBXFileReference; fileEncoding = 4; lastKnownFileType = sourcecode.c.objc; path = GameSceneController.m; sourceTree = "<group>"; };
		4CAA5DF01929AB9100049F52 /* SocialShare.h */ = {isa = PBXFileReference; fileEncoding = 4; lastKnownFileType = sourcecode.c.h; path = SocialShare.h; sourceTree = "<group>"; };
		4CAA5DF11929AB9100049F52 /* SocialShare.m */ = {isa = PBXFileReference; fileEncoding = 4; lastKnownFileType = sourcecode.c.objc; path = SocialShare.m; sourceTree = "<group>"; };
		4CB108A1190FF6440085C747 /* TwoSnakes.app */ = {isa = PBXFileReference; explicitFileType = wrapper.application; includeInIndex = 0; path = TwoSnakes.app; sourceTree = BUILT_PRODUCTS_DIR; };
		4CB108A4190FF6440085C747 /* Foundation.framework */ = {isa = PBXFileReference; lastKnownFileType = wrapper.framework; name = Foundation.framework; path = System/Library/Frameworks/Foundation.framework; sourceTree = SDKROOT; };
		4CB108A6190FF6440085C747 /* CoreGraphics.framework */ = {isa = PBXFileReference; lastKnownFileType = wrapper.framework; name = CoreGraphics.framework; path = System/Library/Frameworks/CoreGraphics.framework; sourceTree = SDKROOT; };
		4CB108A8190FF6440085C747 /* UIKit.framework */ = {isa = PBXFileReference; lastKnownFileType = wrapper.framework; name = UIKit.framework; path = System/Library/Frameworks/UIKit.framework; sourceTree = SDKROOT; };
		4CB108AA190FF6440085C747 /* CoreData.framework */ = {isa = PBXFileReference; lastKnownFileType = wrapper.framework; name = CoreData.framework; path = System/Library/Frameworks/CoreData.framework; sourceTree = SDKROOT; };
		4CB108AE190FF6440085C747 /* TwoSnakes-Info.plist */ = {isa = PBXFileReference; lastKnownFileType = text.plist.xml; path = "TwoSnakes-Info.plist"; sourceTree = "<group>"; };
		4CB108B0190FF6440085C747 /* en */ = {isa = PBXFileReference; lastKnownFileType = text.plist.strings; name = en; path = en.lproj/InfoPlist.strings; sourceTree = "<group>"; };
		4CB108B2190FF6440085C747 /* main.m */ = {isa = PBXFileReference; lastKnownFileType = sourcecode.c.objc; path = main.m; sourceTree = "<group>"; };
		4CB108B4190FF6440085C747 /* TwoSnakes-Prefix.pch */ = {isa = PBXFileReference; lastKnownFileType = sourcecode.c.h; path = "TwoSnakes-Prefix.pch"; sourceTree = "<group>"; };
		4CB108B5190FF6440085C747 /* MKAppDelegate.h */ = {isa = PBXFileReference; lastKnownFileType = sourcecode.c.h; path = MKAppDelegate.h; sourceTree = "<group>"; };
		4CB108B6190FF6440085C747 /* MKAppDelegate.m */ = {isa = PBXFileReference; lastKnownFileType = sourcecode.c.objc; path = MKAppDelegate.m; sourceTree = "<group>"; };
		4CB108B9190FF6440085C747 /* TwoSnakes.xcdatamodel */ = {isa = PBXFileReference; lastKnownFileType = wrapper.xcdatamodel; path = TwoSnakes.xcdatamodel; sourceTree = "<group>"; };
		4CB108BB190FF6440085C747 /* Images.xcassets */ = {isa = PBXFileReference; lastKnownFileType = folder.assetcatalog; path = Images.xcassets; sourceTree = "<group>"; };
		4CB108C1190FF6440085C747 /* TwoSnakesTests.xctest */ = {isa = PBXFileReference; explicitFileType = wrapper.cfbundle; includeInIndex = 0; path = TwoSnakesTests.xctest; sourceTree = BUILT_PRODUCTS_DIR; };
		4CB108C2190FF6440085C747 /* XCTest.framework */ = {isa = PBXFileReference; lastKnownFileType = wrapper.framework; name = XCTest.framework; path = Library/Frameworks/XCTest.framework; sourceTree = DEVELOPER_DIR; };
		4CB108CB190FF6440085C747 /* TwoSnakesTests-Info.plist */ = {isa = PBXFileReference; lastKnownFileType = text.plist.xml; path = "TwoSnakesTests-Info.plist"; sourceTree = "<group>"; };
		4CB108CD190FF6440085C747 /* en */ = {isa = PBXFileReference; lastKnownFileType = text.plist.strings; name = en; path = en.lproj/InfoPlist.strings; sourceTree = "<group>"; };
		4CB108CF190FF6440085C747 /* TwoSnakesTests.m */ = {isa = PBXFileReference; lastKnownFileType = sourcecode.c.objc; path = TwoSnakesTests.m; sourceTree = "<group>"; };
		4CC0560C1913895600BB70E2 /* SnakeDot.h */ = {isa = PBXFileReference; fileEncoding = 4; lastKnownFileType = sourcecode.c.h; path = SnakeDot.h; sourceTree = "<group>"; };
		4CC0560D1913895600BB70E2 /* SnakeDot.m */ = {isa = PBXFileReference; fileEncoding = 4; lastKnownFileType = sourcecode.c.objc; path = SnakeDot.m; sourceTree = "<group>"; };
		4CDBB71C1920A00900D8A9B4 /* Social.framework */ = {isa = PBXFileReference; lastKnownFileType = wrapper.framework; name = Social.framework; path = System/Library/Frameworks/Social.framework; sourceTree = SDKROOT; };
		4CDBB71E1920A22900D8A9B4 /* GCHelper.h */ = {isa = PBXFileReference; fileEncoding = 4; lastKnownFileType = sourcecode.c.h; path = GCHelper.h; sourceTree = "<group>"; };
		4CDBB71F1920A22900D8A9B4 /* GCHelper.m */ = {isa = PBXFileReference; fileEncoding = 4; lastKnownFileType = sourcecode.c.objc; path = GCHelper.m; sourceTree = "<group>"; };
/* End PBXFileReference section */

/* Begin PBXFrameworksBuildPhase section */
		4CB1089E190FF6440085C747 /* Frameworks */ = {
			isa = PBXFrameworksBuildPhase;
			buildActionMask = 2147483647;
			files = (
				4CDBB71D1920A00900D8A9B4 /* Social.framework in Frameworks */,
				4CB108A7190FF6440085C747 /* CoreGraphics.framework in Frameworks */,
				4CB108AB190FF6440085C747 /* CoreData.framework in Frameworks */,
				4CB108A9190FF6440085C747 /* UIKit.framework in Frameworks */,
				4CB108A5190FF6440085C747 /* Foundation.framework in Frameworks */,
			);
			runOnlyForDeploymentPostprocessing = 0;
		};
		4CB108BE190FF6440085C747 /* Frameworks */ = {
			isa = PBXFrameworksBuildPhase;
			buildActionMask = 2147483647;
			files = (
				4CB108C3190FF6440085C747 /* XCTest.framework in Frameworks */,
				4CB108C6190FF6440085C747 /* CoreData.framework in Frameworks */,
				4CB108C5190FF6440085C747 /* UIKit.framework in Frameworks */,
				4CB108C4190FF6440085C747 /* Foundation.framework in Frameworks */,
			);
			runOnlyForDeploymentPostprocessing = 0;
		};
/* End PBXFrameworksBuildPhase section */

/* Begin PBXGroup section */
		4C1828601929ED2000CB295F /* Snake */ = {
			isa = PBXGroup;
			children = (
				4C7D4D32192B15E6005486A6 /* SnakeType.h */,
				4C7D4D33192B15E6005486A6 /* SnakeType.m */,
				4C7F13551911F36D00565A01 /* Snake.h */,
				4C7F13561911F36D00565A01 /* Snake.m */,
				4C1828511929CBAA00CB295F /* SnakeSkill.h */,
				4C1828521929CBAA00CB295F /* SnakeSkill.m */,
				4C18285A1929D1A400CB295F /* SnakeSkillTree.h */,
				4C18285B1929D1A400CB295F /* SnakeSkillTree.m */,
				4C1828571929CEF600CB295F /* SnakeSkillType.h */,
				4C1828581929CEF600CB295F /* SnakeSkillType.m */,
				4C7D4D29192AF587005486A6 /* SnakeSkillName.h */,
				4C7D4D2A192AF587005486A6 /* SnakeSkillName.m */,
				4C18285D1929E3D000CB295F /* SnakeBody.h */,
				4C18285E1929E3D000CB295F /* SnakeBody.m */,
			);
			name = Snake;
			sourceTree = "<group>";
		};
		4C1828611929ED3E00CB295F /* Control */ = {
			isa = PBXGroup;
			children = (
				4C18284E1929AE2300CB295F /* MenuButton.h */,
				4C18284F1929AE2300CB295F /* MenuButton.m */,
				4C8585A91925EA7B0096F75B /* CircleLabel.h */,
				4C8585AA1925EA7B0096F75B /* CircleLabel.m */,
				4C67DD3D1919E45E00666A2D /* SnakeButton.h */,
				4C67DD3E1919E45E00666A2D /* SnakeButton.m */,
			);
			name = Control;
			sourceTree = "<group>";
		};
		4C1828621929ED6000CB295F /* GamePad */ = {
			isa = PBXGroup;
			children = (
				4CC0560C1913895600BB70E2 /* SnakeDot.h */,
				4CC0560D1913895600BB70E2 /* SnakeDot.m */,
				4CAA5DE81929998000049F52 /* GamePad.h */,
				4CAA5DE91929998000049F52 /* GamePad.m */,
			);
			name = GamePad;
			sourceTree = "<group>";
		};
		4C1828631929EF0100CB295F /* Enemy */ = {
			isa = PBXGroup;
			children = (
				4C7D4D2F192B159A005486A6 /* EnemyType.h */,
				4C7D4D30192B159A005486A6 /* EnemyType.m */,
				4C1828671929F4F700CB295F /* TestBoss.h */,
				4C1828681929F4F700CB295F /* TestBoss.m */,
			);
			name = Enemy;
			sourceTree = "<group>";
		};
		4C85859C1925DE2F0096F75B /* Game Object */ = {
			isa = PBXGroup;
			children = (
				4C7D4D2C192B153A005486A6 /* BaseStats.h */,
				4C7D4D2D192B153A005486A6 /* BaseStats.m */,
				4C1828631929EF0100CB295F /* Enemy */,
				4C1828621929ED6000CB295F /* GamePad */,
				4C1828611929ED3E00CB295F /* Control */,
				4C1828601929ED2000CB295F /* Snake */,
			);
			name = "Game Object";
			sourceTree = "<group>";
		};
		4C85859D1925DE470096F75B /* Game Menu */ = {
			isa = PBXGroup;
			children = (
				4C8585971925A1990096F75B /* MenuController.h */,
				4C8585981925A1990096F75B /* MenuController.m */,
				4C8585991925A1990096F75B /* MenuController.xib */,
			);
			name = "Game Menu";
			sourceTree = "<group>";
		};
		4C85859F1925DE770096F75B /* Game Center */ = {
			isa = PBXGroup;
			children = (
				4CDBB71E1920A22900D8A9B4 /* GCHelper.h */,
				4CDBB71F1920A22900D8A9B4 /* GCHelper.m */,
			);
			name = "Game Center";
			sourceTree = "<group>";
		};
		4C8585A01925DE910096F75B /* Game Record */ = {
			isa = PBXGroup;
			children = (
				4C8585A11925DEAA0096F75B /* GameRecordController.h */,
				4C8585A21925DEAA0096F75B /* GameRecordController.m */,
				4C8585A31925DEAA0096F75B /* GameRecordController.xib */,
			);
			name = "Game Record";
			sourceTree = "<group>";
		};
		4CAA5DEB1929A0C800049F52 /* Game Scene */ = {
			isa = PBXGroup;
			children = (
				4CAA5DEC1929A0F900049F52 /* GameSceneController.h */,
				4CAA5DED1929A0F900049F52 /* GameSceneController.m */,
			);
			name = "Game Scene";
			sourceTree = "<group>";
		};
		4CAA5DEF1929AB7800049F52 /* Social */ = {
			isa = PBXGroup;
			children = (
				4CAA5DF01929AB9100049F52 /* SocialShare.h */,
				4CAA5DF11929AB9100049F52 /* SocialShare.m */,
			);
			name = Social;
			sourceTree = "<group>";
		};
		4CB10898190FF6440085C747 = {
			isa = PBXGroup;
			children = (
				4CB108AC190FF6440085C747 /* TwoSnakes */,
				4CB108C9190FF6440085C747 /* TwoSnakesTests */,
				4CB108A3190FF6440085C747 /* Frameworks */,
				4CB108A2190FF6440085C747 /* Products */,
			);
			sourceTree = "<group>";
		};
		4CB108A2190FF6440085C747 /* Products */ = {
			isa = PBXGroup;
			children = (
				4CB108A1190FF6440085C747 /* TwoSnakes.app */,
				4CB108C1190FF6440085C747 /* TwoSnakesTests.xctest */,
			);
			name = Products;
			sourceTree = "<group>";
		};
		4CB108A3190FF6440085C747 /* Frameworks */ = {
			isa = PBXGroup;
			children = (
				4CDBB71C1920A00900D8A9B4 /* Social.framework */,
				4CB108A4190FF6440085C747 /* Foundation.framework */,
				4CB108A6190FF6440085C747 /* CoreGraphics.framework */,
				4CB108A8190FF6440085C747 /* UIKit.framework */,
				4CB108AA190FF6440085C747 /* CoreData.framework */,
				4CB108C2190FF6440085C747 /* XCTest.framework */,
			);
			name = Frameworks;
			sourceTree = "<group>";
		};
		4CB108AC190FF6440085C747 /* TwoSnakes */ = {
			isa = PBXGroup;
			children = (
				4C85859F1925DE770096F75B /* Game Center */,
				4C8585A01925DE910096F75B /* Game Record */,
				4C85859D1925DE470096F75B /* Game Menu */,
				4CAA5DEF1929AB7800049F52 /* Social */,
				4CAA5DEB1929A0C800049F52 /* Game Scene */,
				4C85859C1925DE2F0096F75B /* Game Object */,
				4CB108BB190FF6440085C747 /* Images.xcassets */,
				4CB108B8190FF6440085C747 /* TwoSnakes.xcdatamodeld */,
				4CB108AD190FF6440085C747 /* Supporting Files */,
			);
			path = TwoSnakes;
			sourceTree = "<group>";
		};
		4CB108AD190FF6440085C747 /* Supporting Files */ = {
			isa = PBXGroup;
			children = (
				4C8585B11925FF200096F75B /* Reachability.m */,
				4C8585B21925FF200096F75B /* Reachability.h */,
				4C8585AE1925FB270096F75B /* faceboo40@2x.png */,
				4C8585AC1925FB150096F75B /* twitter40@2x.png */,
				4CB108B5190FF6440085C747 /* MKAppDelegate.h */,
				4CB108B6190FF6440085C747 /* MKAppDelegate.m */,
				4CB108AE190FF6440085C747 /* TwoSnakes-Info.plist */,
				4CB108AF190FF6440085C747 /* InfoPlist.strings */,
				4CB108B2190FF6440085C747 /* main.m */,
				4CB108B4190FF6440085C747 /* TwoSnakes-Prefix.pch */,
			);
			name = "Supporting Files";
			sourceTree = "<group>";
		};
		4CB108C9190FF6440085C747 /* TwoSnakesTests */ = {
			isa = PBXGroup;
			children = (
				4CB108CF190FF6440085C747 /* TwoSnakesTests.m */,
				4CB108CA190FF6440085C747 /* Supporting Files */,
			);
			path = TwoSnakesTests;
			sourceTree = "<group>";
		};
		4CB108CA190FF6440085C747 /* Supporting Files */ = {
			isa = PBXGroup;
			children = (
				4CB108CB190FF6440085C747 /* TwoSnakesTests-Info.plist */,
				4CB108CC190FF6440085C747 /* InfoPlist.strings */,
			);
			name = "Supporting Files";
			sourceTree = "<group>";
		};
/* End PBXGroup section */

/* Begin PBXNativeTarget section */
		4CB108A0190FF6440085C747 /* TwoSnakes */ = {
			isa = PBXNativeTarget;
			buildConfigurationList = 4CB108D3190FF6450085C747 /* Build configuration list for PBXNativeTarget "TwoSnakes" */;
			buildPhases = (
				4CB1089D190FF6440085C747 /* Sources */,
				4CB1089E190FF6440085C747 /* Frameworks */,
				4CB1089F190FF6440085C747 /* Resources */,
			);
			buildRules = (
			);
			dependencies = (
			);
			name = TwoSnakes;
			productName = TwoSnakes;
			productReference = 4CB108A1190FF6440085C747 /* TwoSnakes.app */;
			productType = "com.apple.product-type.application";
		};
		4CB108C0190FF6440085C747 /* TwoSnakesTests */ = {
			isa = PBXNativeTarget;
			buildConfigurationList = 4CB108D6190FF6450085C747 /* Build configuration list for PBXNativeTarget "TwoSnakesTests" */;
			buildPhases = (
				4CB108BD190FF6440085C747 /* Sources */,
				4CB108BE190FF6440085C747 /* Frameworks */,
				4CB108BF190FF6440085C747 /* Resources */,
			);
			buildRules = (
			);
			dependencies = (
				4CB108C8190FF6440085C747 /* PBXTargetDependency */,
			);
			name = TwoSnakesTests;
			productName = TwoSnakesTests;
			productReference = 4CB108C1190FF6440085C747 /* TwoSnakesTests.xctest */;
			productType = "com.apple.product-type.bundle.unit-test";
		};
/* End PBXNativeTarget section */

/* Begin PBXProject section */
		4CB10899190FF6440085C747 /* Project object */ = {
			isa = PBXProject;
			attributes = {
				CLASSPREFIX = MK;
				LastUpgradeCheck = 0510;
				ORGANIZATIONNAME = MarriageKiller;
				TargetAttributes = {
					4CB108C0190FF6440085C747 = {
						TestTargetID = 4CB108A0190FF6440085C747;
					};
				};
			};
			buildConfigurationList = 4CB1089C190FF6440085C747 /* Build configuration list for PBXProject "TwoSnakes" */;
			compatibilityVersion = "Xcode 3.2";
			developmentRegion = English;
			hasScannedForEncodings = 0;
			knownRegions = (
				en,
			);
			mainGroup = 4CB10898190FF6440085C747;
			productRefGroup = 4CB108A2190FF6440085C747 /* Products */;
			projectDirPath = "";
			projectRoot = "";
			targets = (
				4CB108A0190FF6440085C747 /* TwoSnakes */,
				4CB108C0190FF6440085C747 /* TwoSnakesTests */,
			);
		};
/* End PBXProject section */

/* Begin PBXResourcesBuildPhase section */
		4CB1089F190FF6440085C747 /* Resources */ = {
			isa = PBXResourcesBuildPhase;
			buildActionMask = 2147483647;
			files = (
				4C85859B1925A1990096F75B /* MenuController.xib in Resources */,
				4CB108B1190FF6440085C747 /* InfoPlist.strings in Resources */,
				4C8585AD1925FB150096F75B /* twitter40@2x.png in Resources */,
				4C8585AF1925FB270096F75B /* faceboo40@2x.png in Resources */,
				4CB108BC190FF6440085C747 /* Images.xcassets in Resources */,
				4C8585A51925DEAA0096F75B /* GameRecordController.xib in Resources */,
			);
			runOnlyForDeploymentPostprocessing = 0;
		};
		4CB108BF190FF6440085C747 /* Resources */ = {
			isa = PBXResourcesBuildPhase;
			buildActionMask = 2147483647;
			files = (
				4CB108CE190FF6440085C747 /* InfoPlist.strings in Resources */,
			);
			runOnlyForDeploymentPostprocessing = 0;
		};
/* End PBXResourcesBuildPhase section */

/* Begin PBXSourcesBuildPhase section */
		4CB1089D190FF6440085C747 /* Sources */ = {
			isa = PBXSourcesBuildPhase;
			buildActionMask = 2147483647;
			files = (
				4C8585B31925FF200096F75B /* Reachability.m in Sources */,
				4C7D4D31192B159A005486A6 /* EnemyType.m in Sources */,
				4C7D4D34192B15E6005486A6 /* SnakeType.m in Sources */,
				4C7F13571911F36D00565A01 /* Snake.m in Sources */,
				4CB108B7190FF6440085C747 /* MKAppDelegate.m in Sources */,
				4C7D4D2B192AF587005486A6 /* SnakeSkillName.m in Sources */,
				4C85859A1925A1990096F75B /* MenuController.m in Sources */,
				4CAA5DF21929AB9100049F52 /* SocialShare.m in Sources */,
				4C8585A41925DEAA0096F75B /* GameRecordController.m in Sources */,
				4C8585AB1925EA7B0096F75B /* CircleLabel.m in Sources */,
				4C18285C1929D1A400CB295F /* SnakeSkillTree.m in Sources */,
				4C1828501929AE2300CB295F /* MenuButton.m in Sources */,
				4CC0560E1913895600BB70E2 /* SnakeDot.m in Sources */,
				4C67DD3F1919E45E00666A2D /* SnakeButton.m in Sources */,
				4C1828691929F4F700CB295F /* TestBoss.m in Sources */,
				4CB108B3190FF6440085C747 /* main.m in Sources */,
				4C7D4D2E192B153A005486A6 /* BaseStats.m in Sources */,
				4CB108BA190FF6440085C747 /* TwoSnakes.xcdatamodeld in Sources */,
				4CAA5DEE1929A0F900049F52 /* GameSceneController.m in Sources */,
				4C1828531929CBAA00CB295F /* SnakeSkill.m in Sources */,
				4CDBB7201920A22900D8A9B4 /* GCHelper.m in Sources */,
				4C1828591929CEF600CB295F /* SnakeSkillType.m in Sources */,
				4C18285F1929E3D000CB295F /* SnakeBody.m in Sources */,
				4CAA5DEA1929998000049F52 /* GamePad.m in Sources */,
			);
			runOnlyForDeploymentPostprocessing = 0;
		};
		4CB108BD190FF6440085C747 /* Sources */ = {
			isa = PBXSourcesBuildPhase;
			buildActionMask = 2147483647;
			files = (
				4CB108D0190FF6440085C747 /* TwoSnakesTests.m in Sources */,
			);
			runOnlyForDeploymentPostprocessing = 0;
		};
/* End PBXSourcesBuildPhase section */

/* Begin PBXTargetDependency section */
		4CB108C8190FF6440085C747 /* PBXTargetDependency */ = {
			isa = PBXTargetDependency;
			target = 4CB108A0190FF6440085C747 /* TwoSnakes */;
			targetProxy = 4CB108C7190FF6440085C747 /* PBXContainerItemProxy */;
		};
/* End PBXTargetDependency section */

/* Begin PBXVariantGroup section */
		4CB108AF190FF6440085C747 /* InfoPlist.strings */ = {
			isa = PBXVariantGroup;
			children = (
				4CB108B0190FF6440085C747 /* en */,
			);
			name = InfoPlist.strings;
			sourceTree = "<group>";
		};
		4CB108CC190FF6440085C747 /* InfoPlist.strings */ = {
			isa = PBXVariantGroup;
			children = (
				4CB108CD190FF6440085C747 /* en */,
			);
			name = InfoPlist.strings;
			sourceTree = "<group>";
		};
/* End PBXVariantGroup section */

/* Begin XCBuildConfiguration section */
		4CB108D1190FF6450085C747 /* Debug */ = {
			isa = XCBuildConfiguration;
			buildSettings = {
				ALWAYS_SEARCH_USER_PATHS = NO;
				CLANG_CXX_LANGUAGE_STANDARD = "gnu++0x";
				CLANG_CXX_LIBRARY = "libc++";
				CLANG_ENABLE_MODULES = YES;
				CLANG_ENABLE_OBJC_ARC = YES;
				CLANG_WARN_BOOL_CONVERSION = YES;
				CLANG_WARN_CONSTANT_CONVERSION = YES;
				CLANG_WARN_DIRECT_OBJC_ISA_USAGE = YES_ERROR;
				CLANG_WARN_EMPTY_BODY = YES;
				CLANG_WARN_ENUM_CONVERSION = YES;
				CLANG_WARN_INT_CONVERSION = YES;
				CLANG_WARN_OBJC_ROOT_CLASS = YES_ERROR;
				CLANG_WARN__DUPLICATE_METHOD_MATCH = YES;
				"CODE_SIGN_IDENTITY[sdk=iphoneos*]" = "iPhone Developer";
				COPY_PHASE_STRIP = NO;
				GCC_C_LANGUAGE_STANDARD = gnu99;
				GCC_DYNAMIC_NO_PIC = NO;
				GCC_OPTIMIZATION_LEVEL = 0;
				GCC_PREPROCESSOR_DEFINITIONS = (
					"DEBUG=1",
					"$(inherited)",
				);
				GCC_SYMBOLS_PRIVATE_EXTERN = NO;
				GCC_WARN_64_TO_32_BIT_CONVERSION = YES;
				GCC_WARN_ABOUT_RETURN_TYPE = YES_ERROR;
				GCC_WARN_UNDECLARED_SELECTOR = YES;
				GCC_WARN_UNINITIALIZED_AUTOS = YES_AGGRESSIVE;
				GCC_WARN_UNUSED_FUNCTION = YES;
				GCC_WARN_UNUSED_VARIABLE = YES;
				IPHONEOS_DEPLOYMENT_TARGET = 7.1;
				ONLY_ACTIVE_ARCH = YES;
				SDKROOT = iphoneos;
			};
			name = Debug;
		};
		4CB108D2190FF6450085C747 /* Release */ = {
			isa = XCBuildConfiguration;
			buildSettings = {
				ALWAYS_SEARCH_USER_PATHS = NO;
				CLANG_CXX_LANGUAGE_STANDARD = "gnu++0x";
				CLANG_CXX_LIBRARY = "libc++";
				CLANG_ENABLE_MODULES = YES;
				CLANG_ENABLE_OBJC_ARC = YES;
				CLANG_WARN_BOOL_CONVERSION = YES;
				CLANG_WARN_CONSTANT_CONVERSION = YES;
				CLANG_WARN_DIRECT_OBJC_ISA_USAGE = YES_ERROR;
				CLANG_WARN_EMPTY_BODY = YES;
				CLANG_WARN_ENUM_CONVERSION = YES;
				CLANG_WARN_INT_CONVERSION = YES;
				CLANG_WARN_OBJC_ROOT_CLASS = YES_ERROR;
				CLANG_WARN__DUPLICATE_METHOD_MATCH = YES;
				"CODE_SIGN_IDENTITY[sdk=iphoneos*]" = "iPhone Developer";
				COPY_PHASE_STRIP = YES;
				ENABLE_NS_ASSERTIONS = NO;
				GCC_C_LANGUAGE_STANDARD = gnu99;
				GCC_WARN_64_TO_32_BIT_CONVERSION = YES;
				GCC_WARN_ABOUT_RETURN_TYPE = YES_ERROR;
				GCC_WARN_UNDECLARED_SELECTOR = YES;
				GCC_WARN_UNINITIALIZED_AUTOS = YES_AGGRESSIVE;
				GCC_WARN_UNUSED_FUNCTION = YES;
				GCC_WARN_UNUSED_VARIABLE = YES;
				IPHONEOS_DEPLOYMENT_TARGET = 7.1;
				SDKROOT = iphoneos;
				VALIDATE_PRODUCT = YES;
			};
			name = Release;
		};
		4CB108D4190FF6450085C747 /* Debug */ = {
			isa = XCBuildConfiguration;
			buildSettings = {
				ASSETCATALOG_COMPILER_APPICON_NAME = AppIcon;
				ASSETCATALOG_COMPILER_LAUNCHIMAGE_NAME = LaunchImage;
				GCC_PRECOMPILE_PREFIX_HEADER = YES;
				GCC_PREFIX_HEADER = "TwoSnakes/TwoSnakes-Prefix.pch";
				INFOPLIST_FILE = "TwoSnakes/TwoSnakes-Info.plist";
				PRODUCT_NAME = "$(TARGET_NAME)";
				WRAPPER_EXTENSION = app;
			};
			name = Debug;
		};
		4CB108D5190FF6450085C747 /* Release */ = {
			isa = XCBuildConfiguration;
			buildSettings = {
				ASSETCATALOG_COMPILER_APPICON_NAME = AppIcon;
				ASSETCATALOG_COMPILER_LAUNCHIMAGE_NAME = LaunchImage;
				GCC_PRECOMPILE_PREFIX_HEADER = YES;
				GCC_PREFIX_HEADER = "TwoSnakes/TwoSnakes-Prefix.pch";
				INFOPLIST_FILE = "TwoSnakes/TwoSnakes-Info.plist";
				PRODUCT_NAME = "$(TARGET_NAME)";
				WRAPPER_EXTENSION = app;
			};
			name = Release;
		};
		4CB108D7190FF6450085C747 /* Debug */ = {
			isa = XCBuildConfiguration;
			buildSettings = {
				BUNDLE_LOADER = "$(BUILT_PRODUCTS_DIR)/TwoSnakes.app/TwoSnakes";
				FRAMEWORK_SEARCH_PATHS = (
					"$(SDKROOT)/Developer/Library/Frameworks",
					"$(inherited)",
					"$(DEVELOPER_FRAMEWORKS_DIR)",
				);
				GCC_PRECOMPILE_PREFIX_HEADER = YES;
				GCC_PREFIX_HEADER = "TwoSnakes/TwoSnakes-Prefix.pch";
				GCC_PREPROCESSOR_DEFINITIONS = (
					"DEBUG=1",
					"$(inherited)",
				);
				INFOPLIST_FILE = "TwoSnakesTests/TwoSnakesTests-Info.plist";
				PRODUCT_NAME = "$(TARGET_NAME)";
				TEST_HOST = "$(BUNDLE_LOADER)";
				WRAPPER_EXTENSION = xctest;
			};
			name = Debug;
		};
		4CB108D8190FF6450085C747 /* Release */ = {
			isa = XCBuildConfiguration;
			buildSettings = {
				BUNDLE_LOADER = "$(BUILT_PRODUCTS_DIR)/TwoSnakes.app/TwoSnakes";
				FRAMEWORK_SEARCH_PATHS = (
					"$(SDKROOT)/Developer/Library/Frameworks",
					"$(inherited)",
					"$(DEVELOPER_FRAMEWORKS_DIR)",
				);
				GCC_PRECOMPILE_PREFIX_HEADER = YES;
				GCC_PREFIX_HEADER = "TwoSnakes/TwoSnakes-Prefix.pch";
				INFOPLIST_FILE = "TwoSnakesTests/TwoSnakesTests-Info.plist";
				PRODUCT_NAME = "$(TARGET_NAME)";
				TEST_HOST = "$(BUNDLE_LOADER)";
				WRAPPER_EXTENSION = xctest;
			};
			name = Release;
		};
/* End XCBuildConfiguration section */

/* Begin XCConfigurationList section */
		4CB1089C190FF6440085C747 /* Build configuration list for PBXProject "TwoSnakes" */ = {
			isa = XCConfigurationList;
			buildConfigurations = (
				4CB108D1190FF6450085C747 /* Debug */,
				4CB108D2190FF6450085C747 /* Release */,
			);
			defaultConfigurationIsVisible = 0;
			defaultConfigurationName = Release;
		};
		4CB108D3190FF6450085C747 /* Build configuration list for PBXNativeTarget "TwoSnakes" */ = {
			isa = XCConfigurationList;
			buildConfigurations = (
				4CB108D4190FF6450085C747 /* Debug */,
				4CB108D5190FF6450085C747 /* Release */,
			);
			defaultConfigurationIsVisible = 0;
			defaultConfigurationName = Release;
		};
		4CB108D6190FF6450085C747 /* Build configuration list for PBXNativeTarget "TwoSnakesTests" */ = {
			isa = XCConfigurationList;
			buildConfigurations = (
				4CB108D7190FF6450085C747 /* Debug */,
				4CB108D8190FF6450085C747 /* Release */,
			);
			defaultConfigurationIsVisible = 0;
			defaultConfigurationName = Release;
		};
/* End XCConfigurationList section */

/* Begin XCVersionGroup section */
		4CB108B8190FF6440085C747 /* TwoSnakes.xcdatamodeld */ = {
			isa = XCVersionGroup;
			children = (
				4CB108B9190FF6440085C747 /* TwoSnakes.xcdatamodel */,
			);
			currentVersion = 4CB108B9190FF6440085C747 /* TwoSnakes.xcdatamodel */;
			path = TwoSnakes.xcdatamodeld;
			sourceTree = "<group>";
			versionGroupType = wrapper.xcdatamodel;
		};
/* End XCVersionGroup section */
	};
	rootObject = 4CB10899190FF6440085C747 /* Project object */;
}
